
Microsoft Visual Studio Solution File, Format Version 12.00
# Visual Studio Version 17
VisualStudioVersion = 17.7.34202.233
MinimumVisualStudioVersion = 10.0.40219.1
Project("{8BC9CEB8-8B4A-11D0-8D11-00A0C91BC942}") = "ggxrd_hitbox_injector", "ggxrd_hitbox_injector\ggxrd_hitbox_injector.vcxproj", "{693E6C4A-F032-4C26-899E-26103C6C7FEE}"
EndProject
Project("{8BC9CEB8-8B4A-11D0-8D11-00A0C91BC942}") = "ggxrd_hitbox_overlay", "ggxrd_hitbox_overlay\ggxrd_hitbox_overlay.vcxproj", "{B27B4893-51F2-4B76-8A3D-118920B66103}"
	ProjectSection(ProjectDependencies) = postProject
		{60F89955-91C6-3A36-8000-13C592FEC2DF} = {60F89955-91C6-3A36-8000-13C592FEC2DF}
		{D6973076-9317-4EF2-A0B8-B7A18AC0713E} = {D6973076-9317-4EF2-A0B8-B7A18AC0713E}
	EndProjectSection
EndProject
Project("{8BC9CEB8-8B4A-11D0-8D11-00A0C91BC942}") = "ggxrd_hitbox_patcher", "ggxrd_hitbox_patcher\ggxrd_hitbox_patcher.vcxproj", "{2771DC44-0C87-49D0-9FC8-3E6BA9076A94}"
EndProject
Project("{2150E333-8FDC-42A3-9474-1A3956D46DE8}") = "Solution Items", "Solution Items", "{AA7BC172-AAF8-41B3-9961-0738048B2EEF}"
	ProjectSection(SolutionItems) = preProject
		README.md = README.md
	EndProjectSection
EndProject
Project("{8BC9CEB8-8B4A-11D0-8D11-00A0C91BC942}") = "Detours", "Detours\vc\Detours.vcxproj", "{37489709-8054-4903-9C49-A79846049FC9}"
EndProject
Project("{2150E333-8FDC-42A3-9474-1A3956D46DE8}") = "dependencies", "dependencies", "{9C78353B-D073-4576-9AB5-78A6B49E853D}"
EndProject
Project("{2150E333-8FDC-42A3-9474-1A3956D46DE8}") = "libpngFolder", "libpngFolder", "{DE6B36CD-B6F4-45E8-84B7-52D72BCAFC76}"
EndProject
Project("{8BC9CEB8-8B4A-11D0-8D11-00A0C91BC942}") = "libpng", "libpng\projects\vstudio\libpng\libpng.vcxproj", "{D6973076-9317-4EF2-A0B8-B7A18AC0713E}"
	ProjectSection(ProjectDependencies) = postProject
		{60F89955-91C6-3A36-8000-13C592FEC2DF} = {60F89955-91C6-3A36-8000-13C592FEC2DF}
		{EB33566E-DA7F-4D28-9077-88C0B7C77E35} = {EB33566E-DA7F-4D28-9077-88C0B7C77E35}
	EndProjectSection
EndProject
Project("{8BC9CEB8-8B4A-11D0-8D11-00A0C91BC942}") = "pnglibconf", "libpng\projects\vstudio\pnglibconf\pnglibconf.vcxproj", "{EB33566E-DA7F-4D28-9077-88C0B7C77E35}"
EndProject
Project("{8BC9CEB8-8B4A-11D0-8D11-00A0C91BC942}") = "pngstest", "libpng\projects\vstudio\pngstest\pngstest.vcxproj", "{277AC57F-313B-4D06-B119-A3CDB672D2FF}"
	ProjectSection(ProjectDependencies) = postProject
		{60F89955-91C6-3A36-8000-13C592FEC2DF} = {60F89955-91C6-3A36-8000-13C592FEC2DF}
		{D6973076-9317-4EF2-A0B8-B7A18AC0713E} = {D6973076-9317-4EF2-A0B8-B7A18AC0713E}
		{EB33566E-DA7F-4D28-9077-88C0B7C77E35} = {EB33566E-DA7F-4D28-9077-88C0B7C77E35}
	EndProjectSection
EndProject
Project("{8BC9CEB8-8B4A-11D0-8D11-00A0C91BC942}") = "pngtest", "libpng\projects\vstudio\pngtest\pngtest.vcxproj", "{228BA965-50D5-42B2-8BCF-AFCC227E3C1D}"
	ProjectSection(ProjectDependencies) = postProject
		{60F89955-91C6-3A36-8000-13C592FEC2DF} = {60F89955-91C6-3A36-8000-13C592FEC2DF}
		{D6973076-9317-4EF2-A0B8-B7A18AC0713E} = {D6973076-9317-4EF2-A0B8-B7A18AC0713E}
		{EB33566E-DA7F-4D28-9077-88C0B7C77E35} = {EB33566E-DA7F-4D28-9077-88C0B7C77E35}
	EndProjectSection
EndProject
Project("{8BC9CEB8-8B4A-11D0-8D11-00A0C91BC942}") = "pngunknown", "libpng\projects\vstudio\pngunknown\pngunknown.vcxproj", "{C5D3156C-8C8C-4936-B35F-2B829BA36FEC}"
	ProjectSection(ProjectDependencies) = postProject
		{60F89955-91C6-3A36-8000-13C592FEC2DF} = {60F89955-91C6-3A36-8000-13C592FEC2DF}
		{D6973076-9317-4EF2-A0B8-B7A18AC0713E} = {D6973076-9317-4EF2-A0B8-B7A18AC0713E}
		{EB33566E-DA7F-4D28-9077-88C0B7C77E35} = {EB33566E-DA7F-4D28-9077-88C0B7C77E35}
	EndProjectSection
EndProject
Project("{8BC9CEB8-8B4A-11D0-8D11-00A0C91BC942}") = "pngvalid", "libpng\projects\vstudio\pngvalid\pngvalid.vcxproj", "{9B36B6FE-7FC0-434F-A71F-BBEF8099F1D8}"
	ProjectSection(ProjectDependencies) = postProject
		{60F89955-91C6-3A36-8000-13C592FEC2DF} = {60F89955-91C6-3A36-8000-13C592FEC2DF}
		{D6973076-9317-4EF2-A0B8-B7A18AC0713E} = {D6973076-9317-4EF2-A0B8-B7A18AC0713E}
		{EB33566E-DA7F-4D28-9077-88C0B7C77E35} = {EB33566E-DA7F-4D28-9077-88C0B7C77E35}
	EndProjectSection
EndProject
Project("{8BC9CEB8-8B4A-11D0-8D11-00A0C91BC942}") = "zlib", "libpng\projects\vstudio\zlib\zlib.vcxproj", "{60F89955-91C6-3A36-8000-13C592FEC2DF}"
EndProject
Global
	GlobalSection(SolutionConfigurationPlatforms) = preSolution
		Debug Library|ARM = Debug Library|ARM
		Debug Library|ARM64 = Debug Library|ARM64
		Debug Library|x64 = Debug Library|x64
		Debug Library|x86 = Debug Library|x86
		Debug|ARM = Debug|ARM
		Debug|ARM64 = Debug|ARM64
		Debug|x64 = Debug|x64
		Debug|x86 = Debug|x86
		DebugMDd|ARM = DebugMDd|ARM
		DebugMDd|ARM64 = DebugMDd|ARM64
		DebugMDd|x64 = DebugMDd|x64
		DebugMDd|x86 = DebugMDd|x86
		Release Library|ARM = Release Library|ARM
		Release Library|ARM64 = Release Library|ARM64
		Release Library|x64 = Release Library|x64
		Release Library|x86 = Release Library|x86
		Release|ARM = Release|ARM
		Release|ARM64 = Release|ARM64
		Release|x64 = Release|x64
		Release|x86 = Release|x86
		ReleaseMD|ARM = ReleaseMD|ARM
		ReleaseMD|ARM64 = ReleaseMD|ARM64
		ReleaseMD|x64 = ReleaseMD|x64
		ReleaseMD|x86 = ReleaseMD|x86
	EndGlobalSection
	GlobalSection(ProjectConfigurationPlatforms) = postSolution
		{693E6C4A-F032-4C26-899E-26103C6C7FEE}.Debug Library|ARM.ActiveCfg = Debug|x64
		{693E6C4A-F032-4C26-899E-26103C6C7FEE}.Debug Library|ARM.Build.0 = Debug|x64
		{693E6C4A-F032-4C26-899E-26103C6C7FEE}.Debug Library|ARM64.ActiveCfg = Debug|x64
		{693E6C4A-F032-4C26-899E-26103C6C7FEE}.Debug Library|ARM64.Build.0 = Debug|x64
		{693E6C4A-F032-4C26-899E-26103C6C7FEE}.Debug Library|x64.ActiveCfg = Debug|x64
		{693E6C4A-F032-4C26-899E-26103C6C7FEE}.Debug Library|x64.Build.0 = Debug|x64
		{693E6C4A-F032-4C26-899E-26103C6C7FEE}.Debug Library|x86.ActiveCfg = Debug|Win32
		{693E6C4A-F032-4C26-899E-26103C6C7FEE}.Debug Library|x86.Build.0 = Debug|Win32
		{693E6C4A-F032-4C26-899E-26103C6C7FEE}.Debug|ARM.ActiveCfg = Debug|x64
		{693E6C4A-F032-4C26-899E-26103C6C7FEE}.Debug|ARM.Build.0 = Debug|x64
		{693E6C4A-F032-4C26-899E-26103C6C7FEE}.Debug|ARM64.ActiveCfg = Debug|x64
		{693E6C4A-F032-4C26-899E-26103C6C7FEE}.Debug|ARM64.Build.0 = Debug|x64
		{693E6C4A-F032-4C26-899E-26103C6C7FEE}.Debug|x64.ActiveCfg = Debug|x64
		{693E6C4A-F032-4C26-899E-26103C6C7FEE}.Debug|x64.Build.0 = Debug|x64
		{693E6C4A-F032-4C26-899E-26103C6C7FEE}.Debug|x86.ActiveCfg = Debug|Win32
		{693E6C4A-F032-4C26-899E-26103C6C7FEE}.Debug|x86.Build.0 = Debug|Win32
		{693E6C4A-F032-4C26-899E-26103C6C7FEE}.DebugMDd|ARM.ActiveCfg = Debug|x64
		{693E6C4A-F032-4C26-899E-26103C6C7FEE}.DebugMDd|ARM.Build.0 = Debug|x64
		{693E6C4A-F032-4C26-899E-26103C6C7FEE}.DebugMDd|ARM64.ActiveCfg = Debug|x64
		{693E6C4A-F032-4C26-899E-26103C6C7FEE}.DebugMDd|ARM64.Build.0 = Debug|x64
		{693E6C4A-F032-4C26-899E-26103C6C7FEE}.DebugMDd|x64.ActiveCfg = Debug|x64
		{693E6C4A-F032-4C26-899E-26103C6C7FEE}.DebugMDd|x64.Build.0 = Debug|x64
		{693E6C4A-F032-4C26-899E-26103C6C7FEE}.DebugMDd|x86.ActiveCfg = Debug|Win32
		{693E6C4A-F032-4C26-899E-26103C6C7FEE}.DebugMDd|x86.Build.0 = Debug|Win32
		{693E6C4A-F032-4C26-899E-26103C6C7FEE}.Release Library|ARM.ActiveCfg = Release|x64
		{693E6C4A-F032-4C26-899E-26103C6C7FEE}.Release Library|ARM.Build.0 = Release|x64
		{693E6C4A-F032-4C26-899E-26103C6C7FEE}.Release Library|ARM64.ActiveCfg = Release|x64
		{693E6C4A-F032-4C26-899E-26103C6C7FEE}.Release Library|ARM64.Build.0 = Release|x64
		{693E6C4A-F032-4C26-899E-26103C6C7FEE}.Release Library|x64.ActiveCfg = Release|x64
		{693E6C4A-F032-4C26-899E-26103C6C7FEE}.Release Library|x64.Build.0 = Release|x64
		{693E6C4A-F032-4C26-899E-26103C6C7FEE}.Release Library|x86.ActiveCfg = Release|Win32
		{693E6C4A-F032-4C26-899E-26103C6C7FEE}.Release Library|x86.Build.0 = Release|Win32
		{693E6C4A-F032-4C26-899E-26103C6C7FEE}.Release|ARM.ActiveCfg = Release|x64
		{693E6C4A-F032-4C26-899E-26103C6C7FEE}.Release|ARM.Build.0 = Release|x64
		{693E6C4A-F032-4C26-899E-26103C6C7FEE}.Release|ARM64.ActiveCfg = Release|x64
		{693E6C4A-F032-4C26-899E-26103C6C7FEE}.Release|ARM64.Build.0 = Release|x64
		{693E6C4A-F032-4C26-899E-26103C6C7FEE}.Release|x64.ActiveCfg = Release|x64
		{693E6C4A-F032-4C26-899E-26103C6C7FEE}.Release|x64.Build.0 = Release|x64
		{693E6C4A-F032-4C26-899E-26103C6C7FEE}.Release|x86.ActiveCfg = Release|Win32
		{693E6C4A-F032-4C26-899E-26103C6C7FEE}.Release|x86.Build.0 = Release|Win32
		{693E6C4A-F032-4C26-899E-26103C6C7FEE}.ReleaseMD|ARM.ActiveCfg = Release|x64
		{693E6C4A-F032-4C26-899E-26103C6C7FEE}.ReleaseMD|ARM.Build.0 = Release|x64
		{693E6C4A-F032-4C26-899E-26103C6C7FEE}.ReleaseMD|ARM64.ActiveCfg = Release|x64
		{693E6C4A-F032-4C26-899E-26103C6C7FEE}.ReleaseMD|ARM64.Build.0 = Release|x64
		{693E6C4A-F032-4C26-899E-26103C6C7FEE}.ReleaseMD|x64.ActiveCfg = Release|x64
		{693E6C4A-F032-4C26-899E-26103C6C7FEE}.ReleaseMD|x64.Build.0 = Release|x64
		{693E6C4A-F032-4C26-899E-26103C6C7FEE}.ReleaseMD|x86.ActiveCfg = Release|Win32
		{693E6C4A-F032-4C26-899E-26103C6C7FEE}.ReleaseMD|x86.Build.0 = Release|Win32
		{B27B4893-51F2-4B76-8A3D-118920B66103}.Debug Library|ARM.ActiveCfg = Debug|x64
		{B27B4893-51F2-4B76-8A3D-118920B66103}.Debug Library|ARM.Build.0 = Debug|x64
		{B27B4893-51F2-4B76-8A3D-118920B66103}.Debug Library|ARM64.ActiveCfg = Debug|x64
		{B27B4893-51F2-4B76-8A3D-118920B66103}.Debug Library|ARM64.Build.0 = Debug|x64
		{B27B4893-51F2-4B76-8A3D-118920B66103}.Debug Library|x64.ActiveCfg = Debug|x64
		{B27B4893-51F2-4B76-8A3D-118920B66103}.Debug Library|x64.Build.0 = Debug|x64
		{B27B4893-51F2-4B76-8A3D-118920B66103}.Debug Library|x86.ActiveCfg = Debug|Win32
		{B27B4893-51F2-4B76-8A3D-118920B66103}.Debug Library|x86.Build.0 = Debug|Win32
		{B27B4893-51F2-4B76-8A3D-118920B66103}.Debug|ARM.ActiveCfg = Debug|x64
		{B27B4893-51F2-4B76-8A3D-118920B66103}.Debug|ARM.Build.0 = Debug|x64
		{B27B4893-51F2-4B76-8A3D-118920B66103}.Debug|ARM64.ActiveCfg = Debug|x64
		{B27B4893-51F2-4B76-8A3D-118920B66103}.Debug|ARM64.Build.0 = Debug|x64
		{B27B4893-51F2-4B76-8A3D-118920B66103}.Debug|x64.ActiveCfg = Debug|x64
		{B27B4893-51F2-4B76-8A3D-118920B66103}.Debug|x64.Build.0 = Debug|x64
		{B27B4893-51F2-4B76-8A3D-118920B66103}.Debug|x86.ActiveCfg = Debug|Win32
		{B27B4893-51F2-4B76-8A3D-118920B66103}.Debug|x86.Build.0 = Debug|Win32
		{B27B4893-51F2-4B76-8A3D-118920B66103}.DebugMDd|ARM.ActiveCfg = Debug|x64
		{B27B4893-51F2-4B76-8A3D-118920B66103}.DebugMDd|ARM.Build.0 = Debug|x64
		{B27B4893-51F2-4B76-8A3D-118920B66103}.DebugMDd|ARM64.ActiveCfg = Debug|x64
		{B27B4893-51F2-4B76-8A3D-118920B66103}.DebugMDd|ARM64.Build.0 = Debug|x64
		{B27B4893-51F2-4B76-8A3D-118920B66103}.DebugMDd|x64.ActiveCfg = Debug|x64
		{B27B4893-51F2-4B76-8A3D-118920B66103}.DebugMDd|x64.Build.0 = Debug|x64
		{B27B4893-51F2-4B76-8A3D-118920B66103}.DebugMDd|x86.ActiveCfg = Debug|Win32
		{B27B4893-51F2-4B76-8A3D-118920B66103}.DebugMDd|x86.Build.0 = Debug|Win32
		{B27B4893-51F2-4B76-8A3D-118920B66103}.Release Library|ARM.ActiveCfg = Release|x64
		{B27B4893-51F2-4B76-8A3D-118920B66103}.Release Library|ARM.Build.0 = Release|x64
		{B27B4893-51F2-4B76-8A3D-118920B66103}.Release Library|ARM64.ActiveCfg = Release|x64
		{B27B4893-51F2-4B76-8A3D-118920B66103}.Release Library|ARM64.Build.0 = Release|x64
		{B27B4893-51F2-4B76-8A3D-118920B66103}.Release Library|x64.ActiveCfg = Release|x64
		{B27B4893-51F2-4B76-8A3D-118920B66103}.Release Library|x64.Build.0 = Release|x64
		{B27B4893-51F2-4B76-8A3D-118920B66103}.Release Library|x86.ActiveCfg = Release|Win32
		{B27B4893-51F2-4B76-8A3D-118920B66103}.Release Library|x86.Build.0 = Release|Win32
		{B27B4893-51F2-4B76-8A3D-118920B66103}.Release|ARM.ActiveCfg = Release|x64
		{B27B4893-51F2-4B76-8A3D-118920B66103}.Release|ARM.Build.0 = Release|x64
		{B27B4893-51F2-4B76-8A3D-118920B66103}.Release|ARM64.ActiveCfg = Release|x64
		{B27B4893-51F2-4B76-8A3D-118920B66103}.Release|ARM64.Build.0 = Release|x64
		{B27B4893-51F2-4B76-8A3D-118920B66103}.Release|x64.ActiveCfg = Release|x64
		{B27B4893-51F2-4B76-8A3D-118920B66103}.Release|x64.Build.0 = Release|x64
		{B27B4893-51F2-4B76-8A3D-118920B66103}.Release|x86.ActiveCfg = Release|Win32
		{B27B4893-51F2-4B76-8A3D-118920B66103}.Release|x86.Build.0 = Release|Win32
		{B27B4893-51F2-4B76-8A3D-118920B66103}.ReleaseMD|ARM.ActiveCfg = Release|x64
		{B27B4893-51F2-4B76-8A3D-118920B66103}.ReleaseMD|ARM.Build.0 = Release|x64
		{B27B4893-51F2-4B76-8A3D-118920B66103}.ReleaseMD|ARM64.ActiveCfg = Release|x64
		{B27B4893-51F2-4B76-8A3D-118920B66103}.ReleaseMD|ARM64.Build.0 = Release|x64
		{B27B4893-51F2-4B76-8A3D-118920B66103}.ReleaseMD|x64.ActiveCfg = Release|x64
		{B27B4893-51F2-4B76-8A3D-118920B66103}.ReleaseMD|x64.Build.0 = Release|x64
		{B27B4893-51F2-4B76-8A3D-118920B66103}.ReleaseMD|x86.ActiveCfg = Release|Win32
		{B27B4893-51F2-4B76-8A3D-118920B66103}.ReleaseMD|x86.Build.0 = Release|Win32
		{2771DC44-0C87-49D0-9FC8-3E6BA9076A94}.Debug Library|ARM.ActiveCfg = Debug|x64
		{2771DC44-0C87-49D0-9FC8-3E6BA9076A94}.Debug Library|ARM.Build.0 = Debug|x64
		{2771DC44-0C87-49D0-9FC8-3E6BA9076A94}.Debug Library|ARM64.ActiveCfg = Debug|x64
		{2771DC44-0C87-49D0-9FC8-3E6BA9076A94}.Debug Library|ARM64.Build.0 = Debug|x64
		{2771DC44-0C87-49D0-9FC8-3E6BA9076A94}.Debug Library|x64.ActiveCfg = Debug|x64
		{2771DC44-0C87-49D0-9FC8-3E6BA9076A94}.Debug Library|x64.Build.0 = Debug|x64
		{2771DC44-0C87-49D0-9FC8-3E6BA9076A94}.Debug Library|x86.ActiveCfg = Debug|Win32
		{2771DC44-0C87-49D0-9FC8-3E6BA9076A94}.Debug Library|x86.Build.0 = Debug|Win32
		{2771DC44-0C87-49D0-9FC8-3E6BA9076A94}.Debug|ARM.ActiveCfg = Debug|x64
		{2771DC44-0C87-49D0-9FC8-3E6BA9076A94}.Debug|ARM.Build.0 = Debug|x64
		{2771DC44-0C87-49D0-9FC8-3E6BA9076A94}.Debug|ARM64.ActiveCfg = Debug|x64
		{2771DC44-0C87-49D0-9FC8-3E6BA9076A94}.Debug|ARM64.Build.0 = Debug|x64
		{2771DC44-0C87-49D0-9FC8-3E6BA9076A94}.Debug|x64.ActiveCfg = Debug|x64
		{2771DC44-0C87-49D0-9FC8-3E6BA9076A94}.Debug|x64.Build.0 = Debug|x64
		{2771DC44-0C87-49D0-9FC8-3E6BA9076A94}.Debug|x86.ActiveCfg = Debug|Win32
		{2771DC44-0C87-49D0-9FC8-3E6BA9076A94}.Debug|x86.Build.0 = Debug|Win32
		{2771DC44-0C87-49D0-9FC8-3E6BA9076A94}.DebugMDd|ARM.ActiveCfg = Debug|x64
		{2771DC44-0C87-49D0-9FC8-3E6BA9076A94}.DebugMDd|ARM.Build.0 = Debug|x64
		{2771DC44-0C87-49D0-9FC8-3E6BA9076A94}.DebugMDd|ARM64.ActiveCfg = Debug|x64
		{2771DC44-0C87-49D0-9FC8-3E6BA9076A94}.DebugMDd|ARM64.Build.0 = Debug|x64
		{2771DC44-0C87-49D0-9FC8-3E6BA9076A94}.DebugMDd|x64.ActiveCfg = Debug|x64
		{2771DC44-0C87-49D0-9FC8-3E6BA9076A94}.DebugMDd|x64.Build.0 = Debug|x64
		{2771DC44-0C87-49D0-9FC8-3E6BA9076A94}.DebugMDd|x86.ActiveCfg = Debug|Win32
		{2771DC44-0C87-49D0-9FC8-3E6BA9076A94}.DebugMDd|x86.Build.0 = Debug|Win32
		{2771DC44-0C87-49D0-9FC8-3E6BA9076A94}.Release Library|ARM.ActiveCfg = Release|x64
		{2771DC44-0C87-49D0-9FC8-3E6BA9076A94}.Release Library|ARM.Build.0 = Release|x64
		{2771DC44-0C87-49D0-9FC8-3E6BA9076A94}.Release Library|ARM64.ActiveCfg = Release|x64
		{2771DC44-0C87-49D0-9FC8-3E6BA9076A94}.Release Library|ARM64.Build.0 = Release|x64
		{2771DC44-0C87-49D0-9FC8-3E6BA9076A94}.Release Library|x64.ActiveCfg = Release|x64
		{2771DC44-0C87-49D0-9FC8-3E6BA9076A94}.Release Library|x64.Build.0 = Release|x64
		{2771DC44-0C87-49D0-9FC8-3E6BA9076A94}.Release Library|x86.ActiveCfg = Release|Win32
		{2771DC44-0C87-49D0-9FC8-3E6BA9076A94}.Release Library|x86.Build.0 = Release|Win32
		{2771DC44-0C87-49D0-9FC8-3E6BA9076A94}.Release|ARM.ActiveCfg = Release|x64
		{2771DC44-0C87-49D0-9FC8-3E6BA9076A94}.Release|ARM.Build.0 = Release|x64
		{2771DC44-0C87-49D0-9FC8-3E6BA9076A94}.Release|ARM64.ActiveCfg = Release|x64
		{2771DC44-0C87-49D0-9FC8-3E6BA9076A94}.Release|ARM64.Build.0 = Release|x64
		{2771DC44-0C87-49D0-9FC8-3E6BA9076A94}.Release|x64.ActiveCfg = Release|x64
		{2771DC44-0C87-49D0-9FC8-3E6BA9076A94}.Release|x64.Build.0 = Release|x64
		{2771DC44-0C87-49D0-9FC8-3E6BA9076A94}.Release|x86.ActiveCfg = Release|Win32
		{2771DC44-0C87-49D0-9FC8-3E6BA9076A94}.Release|x86.Build.0 = Release|Win32
		{2771DC44-0C87-49D0-9FC8-3E6BA9076A94}.ReleaseMD|ARM.ActiveCfg = Release|x64
		{2771DC44-0C87-49D0-9FC8-3E6BA9076A94}.ReleaseMD|ARM.Build.0 = Release|x64
		{2771DC44-0C87-49D0-9FC8-3E6BA9076A94}.ReleaseMD|ARM64.ActiveCfg = Release|x64
		{2771DC44-0C87-49D0-9FC8-3E6BA9076A94}.ReleaseMD|ARM64.Build.0 = Release|x64
		{2771DC44-0C87-49D0-9FC8-3E6BA9076A94}.ReleaseMD|x64.ActiveCfg = Release|x64
		{2771DC44-0C87-49D0-9FC8-3E6BA9076A94}.ReleaseMD|x64.Build.0 = Release|x64
		{2771DC44-0C87-49D0-9FC8-3E6BA9076A94}.ReleaseMD|x86.ActiveCfg = Release|Win32
		{2771DC44-0C87-49D0-9FC8-3E6BA9076A94}.ReleaseMD|x86.Build.0 = Release|Win32
		{37489709-8054-4903-9C49-A79846049FC9}.Debug Library|ARM.ActiveCfg = DebugMDd|ARM
		{37489709-8054-4903-9C49-A79846049FC9}.Debug Library|ARM.Build.0 = DebugMDd|ARM
		{37489709-8054-4903-9C49-A79846049FC9}.Debug Library|ARM64.ActiveCfg = DebugMDd|ARM64
		{37489709-8054-4903-9C49-A79846049FC9}.Debug Library|ARM64.Build.0 = DebugMDd|ARM64
		{37489709-8054-4903-9C49-A79846049FC9}.Debug Library|x64.ActiveCfg = DebugMDd|x64
		{37489709-8054-4903-9C49-A79846049FC9}.Debug Library|x64.Build.0 = DebugMDd|x64
		{37489709-8054-4903-9C49-A79846049FC9}.Debug Library|x86.ActiveCfg = DebugMDd|Win32
		{37489709-8054-4903-9C49-A79846049FC9}.Debug Library|x86.Build.0 = DebugMDd|Win32
		{37489709-8054-4903-9C49-A79846049FC9}.Debug|ARM.ActiveCfg = DebugMDd|ARM
		{37489709-8054-4903-9C49-A79846049FC9}.Debug|ARM.Build.0 = DebugMDd|ARM
		{37489709-8054-4903-9C49-A79846049FC9}.Debug|ARM64.ActiveCfg = DebugMDd|ARM64
		{37489709-8054-4903-9C49-A79846049FC9}.Debug|ARM64.Build.0 = DebugMDd|ARM64
		{37489709-8054-4903-9C49-A79846049FC9}.Debug|x64.ActiveCfg = DebugMDd|x64
		{37489709-8054-4903-9C49-A79846049FC9}.Debug|x64.Build.0 = DebugMDd|x64
		{37489709-8054-4903-9C49-A79846049FC9}.Debug|x86.ActiveCfg = DebugMDd|Win32
		{37489709-8054-4903-9C49-A79846049FC9}.Debug|x86.Build.0 = DebugMDd|Win32
		{37489709-8054-4903-9C49-A79846049FC9}.DebugMDd|ARM.ActiveCfg = DebugMDd|ARM
		{37489709-8054-4903-9C49-A79846049FC9}.DebugMDd|ARM.Build.0 = DebugMDd|ARM
		{37489709-8054-4903-9C49-A79846049FC9}.DebugMDd|ARM64.ActiveCfg = DebugMDd|ARM64
		{37489709-8054-4903-9C49-A79846049FC9}.DebugMDd|ARM64.Build.0 = DebugMDd|ARM64
		{37489709-8054-4903-9C49-A79846049FC9}.DebugMDd|x64.ActiveCfg = DebugMDd|x64
		{37489709-8054-4903-9C49-A79846049FC9}.DebugMDd|x64.Build.0 = DebugMDd|x64
		{37489709-8054-4903-9C49-A79846049FC9}.DebugMDd|x86.ActiveCfg = DebugMDd|Win32
		{37489709-8054-4903-9C49-A79846049FC9}.DebugMDd|x86.Build.0 = DebugMDd|Win32
		{37489709-8054-4903-9C49-A79846049FC9}.Release Library|ARM.ActiveCfg = ReleaseMD|ARM
		{37489709-8054-4903-9C49-A79846049FC9}.Release Library|ARM.Build.0 = ReleaseMD|ARM
		{37489709-8054-4903-9C49-A79846049FC9}.Release Library|ARM64.ActiveCfg = ReleaseMD|ARM64
		{37489709-8054-4903-9C49-A79846049FC9}.Release Library|ARM64.Build.0 = ReleaseMD|ARM64
		{37489709-8054-4903-9C49-A79846049FC9}.Release Library|x64.ActiveCfg = ReleaseMD|x64
		{37489709-8054-4903-9C49-A79846049FC9}.Release Library|x64.Build.0 = ReleaseMD|x64
		{37489709-8054-4903-9C49-A79846049FC9}.Release Library|x86.ActiveCfg = ReleaseMD|Win32
		{37489709-8054-4903-9C49-A79846049FC9}.Release Library|x86.Build.0 = ReleaseMD|Win32
		{37489709-8054-4903-9C49-A79846049FC9}.Release|ARM.ActiveCfg = ReleaseMD|ARM
		{37489709-8054-4903-9C49-A79846049FC9}.Release|ARM.Build.0 = ReleaseMD|ARM
		{37489709-8054-4903-9C49-A79846049FC9}.Release|ARM64.ActiveCfg = ReleaseMD|ARM64
		{37489709-8054-4903-9C49-A79846049FC9}.Release|ARM64.Build.0 = ReleaseMD|ARM64
		{37489709-8054-4903-9C49-A79846049FC9}.Release|x64.ActiveCfg = ReleaseMD|x64
		{37489709-8054-4903-9C49-A79846049FC9}.Release|x64.Build.0 = ReleaseMD|x64
		{37489709-8054-4903-9C49-A79846049FC9}.Release|x86.ActiveCfg = ReleaseMD|Win32
		{37489709-8054-4903-9C49-A79846049FC9}.Release|x86.Build.0 = ReleaseMD|Win32
		{37489709-8054-4903-9C49-A79846049FC9}.ReleaseMD|ARM.ActiveCfg = ReleaseMD|ARM
		{37489709-8054-4903-9C49-A79846049FC9}.ReleaseMD|ARM.Build.0 = ReleaseMD|ARM
		{37489709-8054-4903-9C49-A79846049FC9}.ReleaseMD|ARM64.ActiveCfg = ReleaseMD|ARM64
		{37489709-8054-4903-9C49-A79846049FC9}.ReleaseMD|ARM64.Build.0 = ReleaseMD|ARM64
		{37489709-8054-4903-9C49-A79846049FC9}.ReleaseMD|x64.ActiveCfg = ReleaseMD|x64
		{37489709-8054-4903-9C49-A79846049FC9}.ReleaseMD|x64.Build.0 = ReleaseMD|x64
		{37489709-8054-4903-9C49-A79846049FC9}.ReleaseMD|x86.ActiveCfg = ReleaseMD|Win32
		{37489709-8054-4903-9C49-A79846049FC9}.ReleaseMD|x86.Build.0 = ReleaseMD|Win32
		{D6973076-9317-4EF2-A0B8-B7A18AC0713E}.Debug Library|ARM.ActiveCfg = Debug Library|Win32
		{D6973076-9317-4EF2-A0B8-B7A18AC0713E}.Debug Library|ARM.Build.0 = Debug Library|Win32
		{D6973076-9317-4EF2-A0B8-B7A18AC0713E}.Debug Library|ARM64.ActiveCfg = Debug Library|ARM64
		{D6973076-9317-4EF2-A0B8-B7A18AC0713E}.Debug Library|ARM64.Build.0 = Debug Library|ARM64
		{D6973076-9317-4EF2-A0B8-B7A18AC0713E}.Debug Library|x64.ActiveCfg = Debug Library|Win32
		{D6973076-9317-4EF2-A0B8-B7A18AC0713E}.Debug Library|x64.Build.0 = Debug Library|Win32
		{D6973076-9317-4EF2-A0B8-B7A18AC0713E}.Debug Library|x86.ActiveCfg = Debug Library|Win32
		{D6973076-9317-4EF2-A0B8-B7A18AC0713E}.Debug Library|x86.Build.0 = Debug Library|Win32
		{D6973076-9317-4EF2-A0B8-B7A18AC0713E}.Debug|ARM.ActiveCfg = Debug|Win32
		{D6973076-9317-4EF2-A0B8-B7A18AC0713E}.Debug|ARM.Build.0 = Debug|Win32
		{D6973076-9317-4EF2-A0B8-B7A18AC0713E}.Debug|ARM64.ActiveCfg = Debug|ARM64
		{D6973076-9317-4EF2-A0B8-B7A18AC0713E}.Debug|ARM64.Build.0 = Debug|ARM64
		{D6973076-9317-4EF2-A0B8-B7A18AC0713E}.Debug|x64.ActiveCfg = Debug|Win32
		{D6973076-9317-4EF2-A0B8-B7A18AC0713E}.Debug|x64.Build.0 = Debug|Win32
		{D6973076-9317-4EF2-A0B8-B7A18AC0713E}.Debug|x86.ActiveCfg = Debug Library|Win32
		{D6973076-9317-4EF2-A0B8-B7A18AC0713E}.Debug|x86.Build.0 = Debug Library|Win32
		{D6973076-9317-4EF2-A0B8-B7A18AC0713E}.DebugMDd|ARM.ActiveCfg = Debug Library|Win32
		{D6973076-9317-4EF2-A0B8-B7A18AC0713E}.DebugMDd|ARM.Build.0 = Debug Library|Win32
		{D6973076-9317-4EF2-A0B8-B7A18AC0713E}.DebugMDd|ARM64.ActiveCfg = Debug Library|ARM64
		{D6973076-9317-4EF2-A0B8-B7A18AC0713E}.DebugMDd|ARM64.Build.0 = Debug Library|ARM64
		{D6973076-9317-4EF2-A0B8-B7A18AC0713E}.DebugMDd|x64.ActiveCfg = Debug Library|Win32
		{D6973076-9317-4EF2-A0B8-B7A18AC0713E}.DebugMDd|x64.Build.0 = Debug Library|Win32
		{D6973076-9317-4EF2-A0B8-B7A18AC0713E}.DebugMDd|x86.ActiveCfg = Debug Library|Win32
		{D6973076-9317-4EF2-A0B8-B7A18AC0713E}.DebugMDd|x86.Build.0 = Debug Library|Win32
		{D6973076-9317-4EF2-A0B8-B7A18AC0713E}.Release Library|ARM.ActiveCfg = Release Library|Win32
		{D6973076-9317-4EF2-A0B8-B7A18AC0713E}.Release Library|ARM.Build.0 = Release Library|Win32
		{D6973076-9317-4EF2-A0B8-B7A18AC0713E}.Release Library|ARM64.ActiveCfg = Release Library|ARM64
		{D6973076-9317-4EF2-A0B8-B7A18AC0713E}.Release Library|ARM64.Build.0 = Release Library|ARM64
		{D6973076-9317-4EF2-A0B8-B7A18AC0713E}.Release Library|x64.ActiveCfg = Release Library|Win32
		{D6973076-9317-4EF2-A0B8-B7A18AC0713E}.Release Library|x64.Build.0 = Release Library|Win32
		{D6973076-9317-4EF2-A0B8-B7A18AC0713E}.Release Library|x86.ActiveCfg = Release Library|Win32
		{D6973076-9317-4EF2-A0B8-B7A18AC0713E}.Release Library|x86.Build.0 = Release Library|Win32
		{D6973076-9317-4EF2-A0B8-B7A18AC0713E}.Release|ARM.ActiveCfg = Release|Win32
		{D6973076-9317-4EF2-A0B8-B7A18AC0713E}.Release|ARM.Build.0 = Release|Win32
		{D6973076-9317-4EF2-A0B8-B7A18AC0713E}.Release|ARM64.ActiveCfg = Release|ARM64
		{D6973076-9317-4EF2-A0B8-B7A18AC0713E}.Release|ARM64.Build.0 = Release|ARM64
		{D6973076-9317-4EF2-A0B8-B7A18AC0713E}.Release|x64.ActiveCfg = Release|Win32
		{D6973076-9317-4EF2-A0B8-B7A18AC0713E}.Release|x64.Build.0 = Release|Win32
		{D6973076-9317-4EF2-A0B8-B7A18AC0713E}.Release|x86.ActiveCfg = Release Library|Win32
		{D6973076-9317-4EF2-A0B8-B7A18AC0713E}.Release|x86.Build.0 = Release Library|Win32
		{D6973076-9317-4EF2-A0B8-B7A18AC0713E}.ReleaseMD|ARM.ActiveCfg = Release Library|Win32
		{D6973076-9317-4EF2-A0B8-B7A18AC0713E}.ReleaseMD|ARM.Build.0 = Release Library|Win32
		{D6973076-9317-4EF2-A0B8-B7A18AC0713E}.ReleaseMD|ARM64.ActiveCfg = Release Library|ARM64
		{D6973076-9317-4EF2-A0B8-B7A18AC0713E}.ReleaseMD|ARM64.Build.0 = Release Library|ARM64
		{D6973076-9317-4EF2-A0B8-B7A18AC0713E}.ReleaseMD|x64.ActiveCfg = Release Library|Win32
		{D6973076-9317-4EF2-A0B8-B7A18AC0713E}.ReleaseMD|x64.Build.0 = Release Library|Win32
		{D6973076-9317-4EF2-A0B8-B7A18AC0713E}.ReleaseMD|x86.ActiveCfg = Release Library|Win32
		{D6973076-9317-4EF2-A0B8-B7A18AC0713E}.ReleaseMD|x86.Build.0 = Release Library|Win32
		{EB33566E-DA7F-4D28-9077-88C0B7C77E35}.Debug Library|ARM.ActiveCfg = Release|Win32
		{EB33566E-DA7F-4D28-9077-88C0B7C77E35}.Debug Library|ARM.Build.0 = Release|Win32
		{EB33566E-DA7F-4D28-9077-88C0B7C77E35}.Debug Library|ARM64.ActiveCfg = Release|ARM64
		{EB33566E-DA7F-4D28-9077-88C0B7C77E35}.Debug Library|ARM64.Build.0 = Release|ARM64
		{EB33566E-DA7F-4D28-9077-88C0B7C77E35}.Debug Library|x64.ActiveCfg = Release|Win32
		{EB33566E-DA7F-4D28-9077-88C0B7C77E35}.Debug Library|x64.Build.0 = Release|Win32
		{EB33566E-DA7F-4D28-9077-88C0B7C77E35}.Debug Library|x86.ActiveCfg = Release|Win32
		{EB33566E-DA7F-4D28-9077-88C0B7C77E35}.Debug Library|x86.Build.0 = Release|Win32
		{EB33566E-DA7F-4D28-9077-88C0B7C77E35}.Debug|ARM.ActiveCfg = Release|Win32
		{EB33566E-DA7F-4D28-9077-88C0B7C77E35}.Debug|ARM.Build.0 = Release|Win32
		{EB33566E-DA7F-4D28-9077-88C0B7C77E35}.Debug|ARM64.ActiveCfg = Release|ARM64
		{EB33566E-DA7F-4D28-9077-88C0B7C77E35}.Debug|ARM64.Build.0 = Release|ARM64
		{EB33566E-DA7F-4D28-9077-88C0B7C77E35}.Debug|x64.ActiveCfg = Release|Win32
		{EB33566E-DA7F-4D28-9077-88C0B7C77E35}.Debug|x64.Build.0 = Release|Win32
		{EB33566E-DA7F-4D28-9077-88C0B7C77E35}.Debug|x86.ActiveCfg = Release|Win32
		{EB33566E-DA7F-4D28-9077-88C0B7C77E35}.Debug|x86.Build.0 = Release|Win32
		{EB33566E-DA7F-4D28-9077-88C0B7C77E35}.DebugMDd|ARM.ActiveCfg = Release|Win32
		{EB33566E-DA7F-4D28-9077-88C0B7C77E35}.DebugMDd|ARM.Build.0 = Release|Win32
		{EB33566E-DA7F-4D28-9077-88C0B7C77E35}.DebugMDd|ARM64.ActiveCfg = Release|ARM64
		{EB33566E-DA7F-4D28-9077-88C0B7C77E35}.DebugMDd|ARM64.Build.0 = Release|ARM64
		{EB33566E-DA7F-4D28-9077-88C0B7C77E35}.DebugMDd|x64.ActiveCfg = Release|Win32
		{EB33566E-DA7F-4D28-9077-88C0B7C77E35}.DebugMDd|x64.Build.0 = Release|Win32
		{EB33566E-DA7F-4D28-9077-88C0B7C77E35}.DebugMDd|x86.ActiveCfg = Release|Win32
		{EB33566E-DA7F-4D28-9077-88C0B7C77E35}.DebugMDd|x86.Build.0 = Release|Win32
		{EB33566E-DA7F-4D28-9077-88C0B7C77E35}.Release Library|ARM.ActiveCfg = Release|Win32
		{EB33566E-DA7F-4D28-9077-88C0B7C77E35}.Release Library|ARM.Build.0 = Release|Win32
		{EB33566E-DA7F-4D28-9077-88C0B7C77E35}.Release Library|ARM64.ActiveCfg = Release|ARM64
		{EB33566E-DA7F-4D28-9077-88C0B7C77E35}.Release Library|ARM64.Build.0 = Release|ARM64
		{EB33566E-DA7F-4D28-9077-88C0B7C77E35}.Release Library|x64.ActiveCfg = Release|Win32
		{EB33566E-DA7F-4D28-9077-88C0B7C77E35}.Release Library|x64.Build.0 = Release|Win32
		{EB33566E-DA7F-4D28-9077-88C0B7C77E35}.Release Library|x86.ActiveCfg = Release|Win32
		{EB33566E-DA7F-4D28-9077-88C0B7C77E35}.Release Library|x86.Build.0 = Release|Win32
		{EB33566E-DA7F-4D28-9077-88C0B7C77E35}.Release|ARM.ActiveCfg = Release|Win32
		{EB33566E-DA7F-4D28-9077-88C0B7C77E35}.Release|ARM.Build.0 = Release|Win32
		{EB33566E-DA7F-4D28-9077-88C0B7C77E35}.Release|ARM64.ActiveCfg = Release|ARM64
		{EB33566E-DA7F-4D28-9077-88C0B7C77E35}.Release|ARM64.Build.0 = Release|ARM64
		{EB33566E-DA7F-4D28-9077-88C0B7C77E35}.Release|x64.ActiveCfg = Release|Win32
		{EB33566E-DA7F-4D28-9077-88C0B7C77E35}.Release|x64.Build.0 = Release|Win32
		{EB33566E-DA7F-4D28-9077-88C0B7C77E35}.Release|x86.ActiveCfg = Release|Win32
		{EB33566E-DA7F-4D28-9077-88C0B7C77E35}.Release|x86.Build.0 = Release|Win32
		{EB33566E-DA7F-4D28-9077-88C0B7C77E35}.ReleaseMD|ARM.ActiveCfg = Release|Win32
		{EB33566E-DA7F-4D28-9077-88C0B7C77E35}.ReleaseMD|ARM.Build.0 = Release|Win32
		{EB33566E-DA7F-4D28-9077-88C0B7C77E35}.ReleaseMD|ARM64.ActiveCfg = Release|ARM64
		{EB33566E-DA7F-4D28-9077-88C0B7C77E35}.ReleaseMD|ARM64.Build.0 = Release|ARM64
		{EB33566E-DA7F-4D28-9077-88C0B7C77E35}.ReleaseMD|x64.ActiveCfg = Release|Win32
		{EB33566E-DA7F-4D28-9077-88C0B7C77E35}.ReleaseMD|x64.Build.0 = Release|Win32
		{EB33566E-DA7F-4D28-9077-88C0B7C77E35}.ReleaseMD|x86.ActiveCfg = Release|Win32
		{EB33566E-DA7F-4D28-9077-88C0B7C77E35}.ReleaseMD|x86.Build.0 = Release|Win32
		{277AC57F-313B-4D06-B119-A3CDB672D2FF}.Debug Library|ARM.ActiveCfg = Debug Library|Win32
		{277AC57F-313B-4D06-B119-A3CDB672D2FF}.Debug Library|ARM.Build.0 = Debug Library|Win32
		{277AC57F-313B-4D06-B119-A3CDB672D2FF}.Debug Library|ARM64.ActiveCfg = Debug Library|ARM64
		{277AC57F-313B-4D06-B119-A3CDB672D2FF}.Debug Library|ARM64.Build.0 = Debug Library|ARM64
		{277AC57F-313B-4D06-B119-A3CDB672D2FF}.Debug Library|x64.ActiveCfg = Debug Library|Win32
		{277AC57F-313B-4D06-B119-A3CDB672D2FF}.Debug Library|x64.Build.0 = Debug Library|Win32
		{277AC57F-313B-4D06-B119-A3CDB672D2FF}.Debug Library|x86.ActiveCfg = Debug Library|Win32
		{277AC57F-313B-4D06-B119-A3CDB672D2FF}.Debug Library|x86.Build.0 = Debug Library|Win32
		{277AC57F-313B-4D06-B119-A3CDB672D2FF}.Debug|ARM.ActiveCfg = Debug|Win32
		{277AC57F-313B-4D06-B119-A3CDB672D2FF}.Debug|ARM.Build.0 = Debug|Win32
		{277AC57F-313B-4D06-B119-A3CDB672D2FF}.Debug|ARM64.ActiveCfg = Debug|ARM64
		{277AC57F-313B-4D06-B119-A3CDB672D2FF}.Debug|ARM64.Build.0 = Debug|ARM64
		{277AC57F-313B-4D06-B119-A3CDB672D2FF}.Debug|x64.ActiveCfg = Debug|Win32
		{277AC57F-313B-4D06-B119-A3CDB672D2FF}.Debug|x64.Build.0 = Debug|Win32
		{277AC57F-313B-4D06-B119-A3CDB672D2FF}.Debug|x86.ActiveCfg = Debug Library|Win32
		{277AC57F-313B-4D06-B119-A3CDB672D2FF}.Debug|x86.Build.0 = Debug Library|Win32
		{277AC57F-313B-4D06-B119-A3CDB672D2FF}.DebugMDd|ARM.ActiveCfg = Debug Library|Win32
		{277AC57F-313B-4D06-B119-A3CDB672D2FF}.DebugMDd|ARM.Build.0 = Debug Library|Win32
		{277AC57F-313B-4D06-B119-A3CDB672D2FF}.DebugMDd|ARM64.ActiveCfg = Debug Library|ARM64
		{277AC57F-313B-4D06-B119-A3CDB672D2FF}.DebugMDd|ARM64.Build.0 = Debug Library|ARM64
		{277AC57F-313B-4D06-B119-A3CDB672D2FF}.DebugMDd|x64.ActiveCfg = Debug Library|Win32
		{277AC57F-313B-4D06-B119-A3CDB672D2FF}.DebugMDd|x64.Build.0 = Debug Library|Win32
		{277AC57F-313B-4D06-B119-A3CDB672D2FF}.DebugMDd|x86.ActiveCfg = Debug Library|Win32
		{277AC57F-313B-4D06-B119-A3CDB672D2FF}.DebugMDd|x86.Build.0 = Debug Library|Win32
		{277AC57F-313B-4D06-B119-A3CDB672D2FF}.Release Library|ARM.ActiveCfg = Release Library|Win32
		{277AC57F-313B-4D06-B119-A3CDB672D2FF}.Release Library|ARM.Build.0 = Release Library|Win32
		{277AC57F-313B-4D06-B119-A3CDB672D2FF}.Release Library|ARM64.ActiveCfg = Release Library|ARM64
		{277AC57F-313B-4D06-B119-A3CDB672D2FF}.Release Library|ARM64.Build.0 = Release Library|ARM64
		{277AC57F-313B-4D06-B119-A3CDB672D2FF}.Release Library|x64.ActiveCfg = Release Library|Win32
		{277AC57F-313B-4D06-B119-A3CDB672D2FF}.Release Library|x64.Build.0 = Release Library|Win32
		{277AC57F-313B-4D06-B119-A3CDB672D2FF}.Release Library|x86.ActiveCfg = Release Library|Win32
		{277AC57F-313B-4D06-B119-A3CDB672D2FF}.Release Library|x86.Build.0 = Release Library|Win32
		{277AC57F-313B-4D06-B119-A3CDB672D2FF}.Release|ARM.ActiveCfg = Release|Win32
		{277AC57F-313B-4D06-B119-A3CDB672D2FF}.Release|ARM.Build.0 = Release|Win32
		{277AC57F-313B-4D06-B119-A3CDB672D2FF}.Release|ARM64.ActiveCfg = Release|ARM64
		{277AC57F-313B-4D06-B119-A3CDB672D2FF}.Release|ARM64.Build.0 = Release|ARM64
		{277AC57F-313B-4D06-B119-A3CDB672D2FF}.Release|x64.ActiveCfg = Release|Win32
		{277AC57F-313B-4D06-B119-A3CDB672D2FF}.Release|x64.Build.0 = Release|Win32
		{277AC57F-313B-4D06-B119-A3CDB672D2FF}.Release|x86.ActiveCfg = Release Library|Win32
		{277AC57F-313B-4D06-B119-A3CDB672D2FF}.Release|x86.Build.0 = Release Library|Win32
		{277AC57F-313B-4D06-B119-A3CDB672D2FF}.ReleaseMD|ARM.ActiveCfg = Release Library|Win32
		{277AC57F-313B-4D06-B119-A3CDB672D2FF}.ReleaseMD|ARM.Build.0 = Release Library|Win32
		{277AC57F-313B-4D06-B119-A3CDB672D2FF}.ReleaseMD|ARM64.ActiveCfg = Release Library|ARM64
		{277AC57F-313B-4D06-B119-A3CDB672D2FF}.ReleaseMD|ARM64.Build.0 = Release Library|ARM64
		{277AC57F-313B-4D06-B119-A3CDB672D2FF}.ReleaseMD|x64.ActiveCfg = Release Library|Win32
		{277AC57F-313B-4D06-B119-A3CDB672D2FF}.ReleaseMD|x64.Build.0 = Release Library|Win32
		{277AC57F-313B-4D06-B119-A3CDB672D2FF}.ReleaseMD|x86.ActiveCfg = Release Library|Win32
		{277AC57F-313B-4D06-B119-A3CDB672D2FF}.ReleaseMD|x86.Build.0 = Release Library|Win32
		{228BA965-50D5-42B2-8BCF-AFCC227E3C1D}.Debug Library|ARM.ActiveCfg = Debug Library|Win32
		{228BA965-50D5-42B2-8BCF-AFCC227E3C1D}.Debug Library|ARM.Build.0 = Debug Library|Win32
		{228BA965-50D5-42B2-8BCF-AFCC227E3C1D}.Debug Library|ARM64.ActiveCfg = Debug Library|ARM64
		{228BA965-50D5-42B2-8BCF-AFCC227E3C1D}.Debug Library|ARM64.Build.0 = Debug Library|ARM64
		{228BA965-50D5-42B2-8BCF-AFCC227E3C1D}.Debug Library|x64.ActiveCfg = Debug Library|Win32
		{228BA965-50D5-42B2-8BCF-AFCC227E3C1D}.Debug Library|x64.Build.0 = Debug Library|Win32
		{228BA965-50D5-42B2-8BCF-AFCC227E3C1D}.Debug Library|x86.ActiveCfg = Debug Library|Win32
		{228BA965-50D5-42B2-8BCF-AFCC227E3C1D}.Debug Library|x86.Build.0 = Debug Library|Win32
		{228BA965-50D5-42B2-8BCF-AFCC227E3C1D}.Debug|ARM.ActiveCfg = Debug|Win32
		{228BA965-50D5-42B2-8BCF-AFCC227E3C1D}.Debug|ARM.Build.0 = Debug|Win32
		{228BA965-50D5-42B2-8BCF-AFCC227E3C1D}.Debug|ARM64.ActiveCfg = Debug|ARM64
		{228BA965-50D5-42B2-8BCF-AFCC227E3C1D}.Debug|ARM64.Build.0 = Debug|ARM64
		{228BA965-50D5-42B2-8BCF-AFCC227E3C1D}.Debug|x64.ActiveCfg = Debug|Win32
		{228BA965-50D5-42B2-8BCF-AFCC227E3C1D}.Debug|x64.Build.0 = Debug|Win32
		{228BA965-50D5-42B2-8BCF-AFCC227E3C1D}.Debug|x86.ActiveCfg = Debug Library|Win32
		{228BA965-50D5-42B2-8BCF-AFCC227E3C1D}.Debug|x86.Build.0 = Debug Library|Win32
		{228BA965-50D5-42B2-8BCF-AFCC227E3C1D}.DebugMDd|ARM.ActiveCfg = Debug Library|Win32
		{228BA965-50D5-42B2-8BCF-AFCC227E3C1D}.DebugMDd|ARM.Build.0 = Debug Library|Win32
		{228BA965-50D5-42B2-8BCF-AFCC227E3C1D}.DebugMDd|ARM64.ActiveCfg = Debug Library|ARM64
		{228BA965-50D5-42B2-8BCF-AFCC227E3C1D}.DebugMDd|ARM64.Build.0 = Debug Library|ARM64
		{228BA965-50D5-42B2-8BCF-AFCC227E3C1D}.DebugMDd|x64.ActiveCfg = Debug Library|Win32
		{228BA965-50D5-42B2-8BCF-AFCC227E3C1D}.DebugMDd|x64.Build.0 = Debug Library|Win32
		{228BA965-50D5-42B2-8BCF-AFCC227E3C1D}.DebugMDd|x86.ActiveCfg = Debug Library|Win32
		{228BA965-50D5-42B2-8BCF-AFCC227E3C1D}.DebugMDd|x86.Build.0 = Debug Library|Win32
		{228BA965-50D5-42B2-8BCF-AFCC227E3C1D}.Release Library|ARM.ActiveCfg = Release Library|Win32
		{228BA965-50D5-42B2-8BCF-AFCC227E3C1D}.Release Library|ARM.Build.0 = Release Library|Win32
		{228BA965-50D5-42B2-8BCF-AFCC227E3C1D}.Release Library|ARM64.ActiveCfg = Release Library|ARM64
		{228BA965-50D5-42B2-8BCF-AFCC227E3C1D}.Release Library|ARM64.Build.0 = Release Library|ARM64
		{228BA965-50D5-42B2-8BCF-AFCC227E3C1D}.Release Library|x64.ActiveCfg = Release Library|Win32
		{228BA965-50D5-42B2-8BCF-AFCC227E3C1D}.Release Library|x64.Build.0 = Release Library|Win32
		{228BA965-50D5-42B2-8BCF-AFCC227E3C1D}.Release Library|x86.ActiveCfg = Release Library|Win32
		{228BA965-50D5-42B2-8BCF-AFCC227E3C1D}.Release Library|x86.Build.0 = Release Library|Win32
		{228BA965-50D5-42B2-8BCF-AFCC227E3C1D}.Release|ARM.ActiveCfg = Release|Win32
		{228BA965-50D5-42B2-8BCF-AFCC227E3C1D}.Release|ARM.Build.0 = Release|Win32
		{228BA965-50D5-42B2-8BCF-AFCC227E3C1D}.Release|ARM64.ActiveCfg = Release|ARM64
		{228BA965-50D5-42B2-8BCF-AFCC227E3C1D}.Release|ARM64.Build.0 = Release|ARM64
		{228BA965-50D5-42B2-8BCF-AFCC227E3C1D}.Release|x64.ActiveCfg = Release|Win32
		{228BA965-50D5-42B2-8BCF-AFCC227E3C1D}.Release|x64.Build.0 = Release|Win32
		{228BA965-50D5-42B2-8BCF-AFCC227E3C1D}.Release|x86.ActiveCfg = Release Library|Win32
		{228BA965-50D5-42B2-8BCF-AFCC227E3C1D}.Release|x86.Build.0 = Release Library|Win32
		{228BA965-50D5-42B2-8BCF-AFCC227E3C1D}.ReleaseMD|ARM.ActiveCfg = Release Library|Win32
		{228BA965-50D5-42B2-8BCF-AFCC227E3C1D}.ReleaseMD|ARM.Build.0 = Release Library|Win32
		{228BA965-50D5-42B2-8BCF-AFCC227E3C1D}.ReleaseMD|ARM64.ActiveCfg = Release Library|ARM64
		{228BA965-50D5-42B2-8BCF-AFCC227E3C1D}.ReleaseMD|ARM64.Build.0 = Release Library|ARM64
		{228BA965-50D5-42B2-8BCF-AFCC227E3C1D}.ReleaseMD|x64.ActiveCfg = Release Library|Win32
		{228BA965-50D5-42B2-8BCF-AFCC227E3C1D}.ReleaseMD|x64.Build.0 = Release Library|Win32
		{228BA965-50D5-42B2-8BCF-AFCC227E3C1D}.ReleaseMD|x86.ActiveCfg = Release Library|Win32
		{228BA965-50D5-42B2-8BCF-AFCC227E3C1D}.ReleaseMD|x86.Build.0 = Release Library|Win32
		{C5D3156C-8C8C-4936-B35F-2B829BA36FEC}.Debug Library|ARM.ActiveCfg = Debug Library|Win32
		{C5D3156C-8C8C-4936-B35F-2B829BA36FEC}.Debug Library|ARM.Build.0 = Debug Library|Win32
		{C5D3156C-8C8C-4936-B35F-2B829BA36FEC}.Debug Library|ARM64.ActiveCfg = Debug Library|ARM64
		{C5D3156C-8C8C-4936-B35F-2B829BA36FEC}.Debug Library|ARM64.Build.0 = Debug Library|ARM64
		{C5D3156C-8C8C-4936-B35F-2B829BA36FEC}.Debug Library|x64.ActiveCfg = Debug Library|Win32
		{C5D3156C-8C8C-4936-B35F-2B829BA36FEC}.Debug Library|x64.Build.0 = Debug Library|Win32
		{C5D3156C-8C8C-4936-B35F-2B829BA36FEC}.Debug Library|x86.ActiveCfg = Debug Library|Win32
		{C5D3156C-8C8C-4936-B35F-2B829BA36FEC}.Debug Library|x86.Build.0 = Debug Library|Win32
		{C5D3156C-8C8C-4936-B35F-2B829BA36FEC}.Debug|ARM.ActiveCfg = Debug|Win32
		{C5D3156C-8C8C-4936-B35F-2B829BA36FEC}.Debug|ARM.Build.0 = Debug|Win32
		{C5D3156C-8C8C-4936-B35F-2B829BA36FEC}.Debug|ARM64.ActiveCfg = Debug|ARM64
		{C5D3156C-8C8C-4936-B35F-2B829BA36FEC}.Debug|ARM64.Build.0 = Debug|ARM64
		{C5D3156C-8C8C-4936-B35F-2B829BA36FEC}.Debug|x64.ActiveCfg = Debug|Win32
		{C5D3156C-8C8C-4936-B35F-2B829BA36FEC}.Debug|x64.Build.0 = Debug|Win32
		{C5D3156C-8C8C-4936-B35F-2B829BA36FEC}.Debug|x86.ActiveCfg = Debug Library|Win32
		{C5D3156C-8C8C-4936-B35F-2B829BA36FEC}.Debug|x86.Build.0 = Debug Library|Win32
		{C5D3156C-8C8C-4936-B35F-2B829BA36FEC}.DebugMDd|ARM.ActiveCfg = Debug Library|Win32
		{C5D3156C-8C8C-4936-B35F-2B829BA36FEC}.DebugMDd|ARM.Build.0 = Debug Library|Win32
		{C5D3156C-8C8C-4936-B35F-2B829BA36FEC}.DebugMDd|ARM64.ActiveCfg = Debug Library|ARM64
		{C5D3156C-8C8C-4936-B35F-2B829BA36FEC}.DebugMDd|ARM64.Build.0 = Debug Library|ARM64
		{C5D3156C-8C8C-4936-B35F-2B829BA36FEC}.DebugMDd|x64.ActiveCfg = Debug Library|Win32
		{C5D3156C-8C8C-4936-B35F-2B829BA36FEC}.DebugMDd|x64.Build.0 = Debug Library|Win32
		{C5D3156C-8C8C-4936-B35F-2B829BA36FEC}.DebugMDd|x86.ActiveCfg = Debug Library|Win32
		{C5D3156C-8C8C-4936-B35F-2B829BA36FEC}.DebugMDd|x86.Build.0 = Debug Library|Win32
		{C5D3156C-8C8C-4936-B35F-2B829BA36FEC}.Release Library|ARM.ActiveCfg = Release Library|Win32
		{C5D3156C-8C8C-4936-B35F-2B829BA36FEC}.Release Library|ARM.Build.0 = Release Library|Win32
		{C5D3156C-8C8C-4936-B35F-2B829BA36FEC}.Release Library|ARM64.ActiveCfg = Release Library|ARM64
		{C5D3156C-8C8C-4936-B35F-2B829BA36FEC}.Release Library|ARM64.Build.0 = Release Library|ARM64
		{C5D3156C-8C8C-4936-B35F-2B829BA36FEC}.Release Library|x64.ActiveCfg = Release Library|Win32
		{C5D3156C-8C8C-4936-B35F-2B829BA36FEC}.Release Library|x64.Build.0 = Release Library|Win32
		{C5D3156C-8C8C-4936-B35F-2B829BA36FEC}.Release Library|x86.ActiveCfg = Release Library|Win32
		{C5D3156C-8C8C-4936-B35F-2B829BA36FEC}.Release Library|x86.Build.0 = Release Library|Win32
		{C5D3156C-8C8C-4936-B35F-2B829BA36FEC}.Release|ARM.ActiveCfg = Release|Win32
		{C5D3156C-8C8C-4936-B35F-2B829BA36FEC}.Release|ARM.Build.0 = Release|Win32
		{C5D3156C-8C8C-4936-B35F-2B829BA36FEC}.Release|ARM64.ActiveCfg = Release|ARM64
		{C5D3156C-8C8C-4936-B35F-2B829BA36FEC}.Release|ARM64.Build.0 = Release|ARM64
		{C5D3156C-8C8C-4936-B35F-2B829BA36FEC}.Release|x64.ActiveCfg = Release|Win32
		{C5D3156C-8C8C-4936-B35F-2B829BA36FEC}.Release|x64.Build.0 = Release|Win32
		{C5D3156C-8C8C-4936-B35F-2B829BA36FEC}.Release|x86.ActiveCfg = Release Library|Win32
		{C5D3156C-8C8C-4936-B35F-2B829BA36FEC}.Release|x86.Build.0 = Release Library|Win32
		{C5D3156C-8C8C-4936-B35F-2B829BA36FEC}.ReleaseMD|ARM.ActiveCfg = Release Library|Win32
		{C5D3156C-8C8C-4936-B35F-2B829BA36FEC}.ReleaseMD|ARM.Build.0 = Release Library|Win32
		{C5D3156C-8C8C-4936-B35F-2B829BA36FEC}.ReleaseMD|ARM64.ActiveCfg = Release Library|ARM64
		{C5D3156C-8C8C-4936-B35F-2B829BA36FEC}.ReleaseMD|ARM64.Build.0 = Release Library|ARM64
		{C5D3156C-8C8C-4936-B35F-2B829BA36FEC}.ReleaseMD|x64.ActiveCfg = Release Library|Win32
		{C5D3156C-8C8C-4936-B35F-2B829BA36FEC}.ReleaseMD|x64.Build.0 = Release Library|Win32
		{C5D3156C-8C8C-4936-B35F-2B829BA36FEC}.ReleaseMD|x86.ActiveCfg = Release Library|Win32
		{C5D3156C-8C8C-4936-B35F-2B829BA36FEC}.ReleaseMD|x86.Build.0 = Release Library|Win32
		{9B36B6FE-7FC0-434F-A71F-BBEF8099F1D8}.Debug Library|ARM.ActiveCfg = Debug Library|Win32
		{9B36B6FE-7FC0-434F-A71F-BBEF8099F1D8}.Debug Library|ARM.Build.0 = Debug Library|Win32
		{9B36B6FE-7FC0-434F-A71F-BBEF8099F1D8}.Debug Library|ARM64.ActiveCfg = Debug Library|ARM64
		{9B36B6FE-7FC0-434F-A71F-BBEF8099F1D8}.Debug Library|ARM64.Build.0 = Debug Library|ARM64
		{9B36B6FE-7FC0-434F-A71F-BBEF8099F1D8}.Debug Library|x64.ActiveCfg = Debug Library|Win32
		{9B36B6FE-7FC0-434F-A71F-BBEF8099F1D8}.Debug Library|x64.Build.0 = Debug Library|Win32
		{9B36B6FE-7FC0-434F-A71F-BBEF8099F1D8}.Debug Library|x86.ActiveCfg = Debug Library|Win32
		{9B36B6FE-7FC0-434F-A71F-BBEF8099F1D8}.Debug Library|x86.Build.0 = Debug Library|Win32
		{9B36B6FE-7FC0-434F-A71F-BBEF8099F1D8}.Debug|ARM.ActiveCfg = Debug|Win32
		{9B36B6FE-7FC0-434F-A71F-BBEF8099F1D8}.Debug|ARM.Build.0 = Debug|Win32
		{9B36B6FE-7FC0-434F-A71F-BBEF8099F1D8}.Debug|ARM64.ActiveCfg = Debug|ARM64
		{9B36B6FE-7FC0-434F-A71F-BBEF8099F1D8}.Debug|ARM64.Build.0 = Debug|ARM64
		{9B36B6FE-7FC0-434F-A71F-BBEF8099F1D8}.Debug|x64.ActiveCfg = Debug|Win32
		{9B36B6FE-7FC0-434F-A71F-BBEF8099F1D8}.Debug|x64.Build.0 = Debug|Win32
		{9B36B6FE-7FC0-434F-A71F-BBEF8099F1D8}.Debug|x86.ActiveCfg = Debug Library|Win32
		{9B36B6FE-7FC0-434F-A71F-BBEF8099F1D8}.Debug|x86.Build.0 = Debug Library|Win32
		{9B36B6FE-7FC0-434F-A71F-BBEF8099F1D8}.DebugMDd|ARM.ActiveCfg = Debug Library|Win32
		{9B36B6FE-7FC0-434F-A71F-BBEF8099F1D8}.DebugMDd|ARM.Build.0 = Debug Library|Win32
		{9B36B6FE-7FC0-434F-A71F-BBEF8099F1D8}.DebugMDd|ARM64.ActiveCfg = Debug Library|ARM64
		{9B36B6FE-7FC0-434F-A71F-BBEF8099F1D8}.DebugMDd|ARM64.Build.0 = Debug Library|ARM64
		{9B36B6FE-7FC0-434F-A71F-BBEF8099F1D8}.DebugMDd|x64.ActiveCfg = Debug Library|Win32
		{9B36B6FE-7FC0-434F-A71F-BBEF8099F1D8}.DebugMDd|x64.Build.0 = Debug Library|Win32
		{9B36B6FE-7FC0-434F-A71F-BBEF8099F1D8}.DebugMDd|x86.ActiveCfg = Debug Library|Win32
		{9B36B6FE-7FC0-434F-A71F-BBEF8099F1D8}.DebugMDd|x86.Build.0 = Debug Library|Win32
		{9B36B6FE-7FC0-434F-A71F-BBEF8099F1D8}.Release Library|ARM.ActiveCfg = Release Library|Win32
		{9B36B6FE-7FC0-434F-A71F-BBEF8099F1D8}.Release Library|ARM.Build.0 = Release Library|Win32
		{9B36B6FE-7FC0-434F-A71F-BBEF8099F1D8}.Release Library|ARM64.ActiveCfg = Release Library|ARM64
		{9B36B6FE-7FC0-434F-A71F-BBEF8099F1D8}.Release Library|ARM64.Build.0 = Release Library|ARM64
		{9B36B6FE-7FC0-434F-A71F-BBEF8099F1D8}.Release Library|x64.ActiveCfg = Release Library|Win32
		{9B36B6FE-7FC0-434F-A71F-BBEF8099F1D8}.Release Library|x64.Build.0 = Release Library|Win32
		{9B36B6FE-7FC0-434F-A71F-BBEF8099F1D8}.Release Library|x86.ActiveCfg = Release Library|Win32
		{9B36B6FE-7FC0-434F-A71F-BBEF8099F1D8}.Release Library|x86.Build.0 = Release Library|Win32
		{9B36B6FE-7FC0-434F-A71F-BBEF8099F1D8}.Release|ARM.ActiveCfg = Release|Win32
		{9B36B6FE-7FC0-434F-A71F-BBEF8099F1D8}.Release|ARM.Build.0 = Release|Win32
		{9B36B6FE-7FC0-434F-A71F-BBEF8099F1D8}.Release|ARM64.ActiveCfg = Release|ARM64
		{9B36B6FE-7FC0-434F-A71F-BBEF8099F1D8}.Release|ARM64.Build.0 = Release|ARM64
		{9B36B6FE-7FC0-434F-A71F-BBEF8099F1D8}.Release|x64.ActiveCfg = Release|Win32
		{9B36B6FE-7FC0-434F-A71F-BBEF8099F1D8}.Release|x64.Build.0 = Release|Win32
		{9B36B6FE-7FC0-434F-A71F-BBEF8099F1D8}.Release|x86.ActiveCfg = Release Library|Win32
		{9B36B6FE-7FC0-434F-A71F-BBEF8099F1D8}.Release|x86.Build.0 = Release Library|Win32
		{9B36B6FE-7FC0-434F-A71F-BBEF8099F1D8}.ReleaseMD|ARM.ActiveCfg = Release Library|Win32
		{9B36B6FE-7FC0-434F-A71F-BBEF8099F1D8}.ReleaseMD|ARM.Build.0 = Release Library|Win32
		{9B36B6FE-7FC0-434F-A71F-BBEF8099F1D8}.ReleaseMD|ARM64.ActiveCfg = Release Library|ARM64
		{9B36B6FE-7FC0-434F-A71F-BBEF8099F1D8}.ReleaseMD|ARM64.Build.0 = Release Library|ARM64
		{9B36B6FE-7FC0-434F-A71F-BBEF8099F1D8}.ReleaseMD|x64.ActiveCfg = Release Library|Win32
		{9B36B6FE-7FC0-434F-A71F-BBEF8099F1D8}.ReleaseMD|x64.Build.0 = Release Library|Win32
		{9B36B6FE-7FC0-434F-A71F-BBEF8099F1D8}.ReleaseMD|x86.ActiveCfg = Release Library|Win32
		{9B36B6FE-7FC0-434F-A71F-BBEF8099F1D8}.ReleaseMD|x86.Build.0 = Release Library|Win32
		{60F89955-91C6-3A36-8000-13C592FEC2DF}.Debug Library|ARM.ActiveCfg = Debug Library|Win32
		{60F89955-91C6-3A36-8000-13C592FEC2DF}.Debug Library|ARM.Build.0 = Debug Library|Win32
		{60F89955-91C6-3A36-8000-13C592FEC2DF}.Debug Library|ARM64.ActiveCfg = Debug Library|ARM64
		{60F89955-91C6-3A36-8000-13C592FEC2DF}.Debug Library|ARM64.Build.0 = Debug Library|ARM64
		{60F89955-91C6-3A36-8000-13C592FEC2DF}.Debug Library|x64.ActiveCfg = Debug Library|Win32
		{60F89955-91C6-3A36-8000-13C592FEC2DF}.Debug Library|x64.Build.0 = Debug Library|Win32
		{60F89955-91C6-3A36-8000-13C592FEC2DF}.Debug Library|x86.ActiveCfg = Debug Library|Win32
		{60F89955-91C6-3A36-8000-13C592FEC2DF}.Debug Library|x86.Build.0 = Debug Library|Win32
		{60F89955-91C6-3A36-8000-13C592FEC2DF}.Debug|ARM.ActiveCfg = Debug|Win32
		{60F89955-91C6-3A36-8000-13C592FEC2DF}.Debug|ARM.Build.0 = Debug|Win32
		{60F89955-91C6-3A36-8000-13C592FEC2DF}.Debug|ARM64.ActiveCfg = Debug|ARM64
		{60F89955-91C6-3A36-8000-13C592FEC2DF}.Debug|ARM64.Build.0 = Debug|ARM64
		{60F89955-91C6-3A36-8000-13C592FEC2DF}.Debug|x64.ActiveCfg = Debug|Win32
		{60F89955-91C6-3A36-8000-13C592FEC2DF}.Debug|x64.Build.0 = Debug|Win32
		{60F89955-91C6-3A36-8000-13C592FEC2DF}.Debug|x86.ActiveCfg = Debug Library|Win32
		{60F89955-91C6-3A36-8000-13C592FEC2DF}.Debug|x86.Build.0 = Debug Library|Win32
		{60F89955-91C6-3A36-8000-13C592FEC2DF}.DebugMDd|ARM.ActiveCfg = Debug Library|Win32
		{60F89955-91C6-3A36-8000-13C592FEC2DF}.DebugMDd|ARM.Build.0 = Debug Library|Win32
		{60F89955-91C6-3A36-8000-13C592FEC2DF}.DebugMDd|ARM64.ActiveCfg = Debug Library|ARM64
		{60F89955-91C6-3A36-8000-13C592FEC2DF}.DebugMDd|ARM64.Build.0 = Debug Library|ARM64
		{60F89955-91C6-3A36-8000-13C592FEC2DF}.DebugMDd|x64.ActiveCfg = Debug Library|Win32
		{60F89955-91C6-3A36-8000-13C592FEC2DF}.DebugMDd|x64.Build.0 = Debug Library|Win32
		{60F89955-91C6-3A36-8000-13C592FEC2DF}.DebugMDd|x86.ActiveCfg = Debug Library|Win32
		{60F89955-91C6-3A36-8000-13C592FEC2DF}.DebugMDd|x86.Build.0 = Debug Library|Win32
		{60F89955-91C6-3A36-8000-13C592FEC2DF}.Release Library|ARM.ActiveCfg = Release Library|Win32
		{60F89955-91C6-3A36-8000-13C592FEC2DF}.Release Library|ARM.Build.0 = Release Library|Win32
		{60F89955-91C6-3A36-8000-13C592FEC2DF}.Release Library|ARM64.ActiveCfg = Release Library|ARM64
		{60F89955-91C6-3A36-8000-13C592FEC2DF}.Release Library|ARM64.Build.0 = Release Library|ARM64
		{60F89955-91C6-3A36-8000-13C592FEC2DF}.Release Library|x64.ActiveCfg = Release Library|Win32
		{60F89955-91C6-3A36-8000-13C592FEC2DF}.Release Library|x64.Build.0 = Release Library|Win32
		{60F89955-91C6-3A36-8000-13C592FEC2DF}.Release Library|x86.ActiveCfg = Release Library|Win32
		{60F89955-91C6-3A36-8000-13C592FEC2DF}.Release Library|x86.Build.0 = Release Library|Win32
		{60F89955-91C6-3A36-8000-13C592FEC2DF}.Release|ARM.ActiveCfg = Release|Win32
		{60F89955-91C6-3A36-8000-13C592FEC2DF}.Release|ARM.Build.0 = Release|Win32
		{60F89955-91C6-3A36-8000-13C592FEC2DF}.Release|ARM64.ActiveCfg = Release|ARM64
		{60F89955-91C6-3A36-8000-13C592FEC2DF}.Release|ARM64.Build.0 = Release|ARM64
		{60F89955-91C6-3A36-8000-13C592FEC2DF}.Release|x64.ActiveCfg = Release|Win32
		{60F89955-91C6-3A36-8000-13C592FEC2DF}.Release|x64.Build.0 = Release|Win32
		{60F89955-91C6-3A36-8000-13C592FEC2DF}.Release|x86.ActiveCfg = Release Library|Win32
		{60F89955-91C6-3A36-8000-13C592FEC2DF}.Release|x86.Build.0 = Release Library|Win32
		{60F89955-91C6-3A36-8000-13C592FEC2DF}.ReleaseMD|ARM.ActiveCfg = Release Library|Win32
		{60F89955-91C6-3A36-8000-13C592FEC2DF}.ReleaseMD|ARM.Build.0 = Release Library|Win32
		{60F89955-91C6-3A36-8000-13C592FEC2DF}.ReleaseMD|ARM64.ActiveCfg = Release Library|ARM64
		{60F89955-91C6-3A36-8000-13C592FEC2DF}.ReleaseMD|ARM64.Build.0 = Release Library|ARM64
		{60F89955-91C6-3A36-8000-13C592FEC2DF}.ReleaseMD|x64.ActiveCfg = Release Library|Win32
		{60F89955-91C6-3A36-8000-13C592FEC2DF}.ReleaseMD|x64.Build.0 = Release Library|Win32
		{60F89955-91C6-3A36-8000-13C592FEC2DF}.ReleaseMD|x86.ActiveCfg = Release Library|Win32
		{60F89955-91C6-3A36-8000-13C592FEC2DF}.ReleaseMD|x86.Build.0 = Release Library|Win32
	EndGlobalSection
	GlobalSection(SolutionProperties) = preSolution
		HideSolutionNode = FALSE
	EndGlobalSection
	GlobalSection(NestedProjects) = preSolution
		{37489709-8054-4903-9C49-A79846049FC9} = {9C78353B-D073-4576-9AB5-78A6B49E853D}
		{DE6B36CD-B6F4-45E8-84B7-52D72BCAFC76} = {9C78353B-D073-4576-9AB5-78A6B49E853D}
		{D6973076-9317-4EF2-A0B8-B7A18AC0713E} = {DE6B36CD-B6F4-45E8-84B7-52D72BCAFC76}
		{EB33566E-DA7F-4D28-9077-88C0B7C77E35} = {DE6B36CD-B6F4-45E8-84B7-52D72BCAFC76}
		{277AC57F-313B-4D06-B119-A3CDB672D2FF} = {DE6B36CD-B6F4-45E8-84B7-52D72BCAFC76}
		{228BA965-50D5-42B2-8BCF-AFCC227E3C1D} = {DE6B36CD-B6F4-45E8-84B7-52D72BCAFC76}
		{C5D3156C-8C8C-4936-B35F-2B829BA36FEC} = {DE6B36CD-B6F4-45E8-84B7-52D72BCAFC76}
		{9B36B6FE-7FC0-434F-A71F-BBEF8099F1D8} = {DE6B36CD-B6F4-45E8-84B7-52D72BCAFC76}
		{60F89955-91C6-3A36-8000-13C592FEC2DF} = {DE6B36CD-B6F4-45E8-84B7-52D72BCAFC76}
	EndGlobalSection
	GlobalSection(ExtensibilityGlobals) = postSolution
		SolutionGuid = {C6998774-A1BD-4C7A-A583-EF9DE6E7FD0D}
	EndGlobalSection
EndGlobal
