<?xml version="1.0" encoding="utf-8"?>
<Project ToolsVersion="4.0" xmlns="http://schemas.microsoft.com/developer/msbuild/2003">
  <ItemGroup>
    <Filter Include="Resource Files">
      <UniqueIdentifier>{67DA6AB6-F800-4c08-8B7A-83BB121AAD01}</UniqueIdentifier>
      <Extensions>rc;ico;cur;bmp;dlg;rc2;rct;bin;rgs;gif;jpg;jpeg;jpe;resx;tiff;tif;png;wav;mfcribbon-ms</Extensions>
    </Filter>
    <Filter Include="Windows">
      <UniqueIdentifier>{c3961029-dd5c-4a87-8df8-fbd7f5bd03e6}</UniqueIdentifier>
    </Filter>
    <Filter Include="Header Files">
      <UniqueIdentifier>{29ca0773-e53e-4aa7-8ff1-529e59243022}</UniqueIdentifier>
      <Extensions>h</Extensions>
    </Filter>
    <Filter Include="Source Files">
      <UniqueIdentifier>{09bd2667-a5a9-4a25-949a-fb0aa4343b19}</UniqueIdentifier>
      <Extensions>c;cpp;</Extensions>
    </Filter>
    <Filter Include="imgui">
      <UniqueIdentifier>{f87b6029-841c-4bf1-9b8a-5fd09243fb5c}</UniqueIdentifier>
    </Filter>
    <Filter Include="imgui\backends">
      <UniqueIdentifier>{88bc5120-9e9f-4b41-94d2-964066300f92}</UniqueIdentifier>
    </Filter>
  </ItemGroup>
  <ItemGroup>
    <ClInclude Include="pch.h">
      <Filter>Windows</Filter>
    </ClInclude>
    <ClInclude Include="framework.h">
      <Filter>Windows</Filter>
    </ClInclude>
    <ClInclude Include="AltModes.h">
      <Filter>Header Files</Filter>
    </ClInclude>
    <ClInclude Include="Camera.h">
      <Filter>Header Files</Filter>
    </ClInclude>
    <ClInclude Include="characterTypes.h">
      <Filter>Header Files</Filter>
    </ClInclude>
    <ClInclude Include="collectHitboxes.h">
      <Filter>Header Files</Filter>
    </ClInclude>
    <ClInclude Include="Detouring.h">
      <Filter>Header Files</Filter>
    </ClInclude>
    <ClInclude Include="Direct3DVTable.h">
      <Filter>Header Files</Filter>
    </ClInclude>
    <ClInclude Include="DrawBoxCallParams.h">
      <Filter>Header Files</Filter>
    </ClInclude>
    <ClInclude Include="DrawHitboxArrayCallParams.h">
      <Filter>Header Files</Filter>
    </ClInclude>
    <ClInclude Include="DrawHitboxArrayParams.h">
      <Filter>Header Files</Filter>
    </ClInclude>
    <ClInclude Include="DrawOutlineCallParams.h">
      <Filter>Header Files</Filter>
    </ClInclude>
    <ClInclude Include="DrawPointCallParams.h">
      <Filter>Header Files</Filter>
    </ClInclude>
    <ClInclude Include="EndScene.h">
      <Filter>Header Files</Filter>
    </ClInclude>
    <ClInclude Include="EntityList.h">
      <Filter>Header Files</Filter>
    </ClInclude>
    <ClInclude Include="Game.h">
      <Filter>Header Files</Filter>
    </ClInclude>
    <ClInclude Include="Graphics.h">
      <Filter>Header Files</Filter>
    </ClInclude>
    <ClInclude Include="Hitbox.h">
      <Filter>Header Files</Filter>
    </ClInclude>
    <ClInclude Include="HitDetector.h">
      <Filter>Header Files</Filter>
    </ClInclude>
    <ClInclude Include="InvisChipp.h">
      <Filter>Header Files</Filter>
    </ClInclude>
    <ClInclude Include="logging.h">
      <Filter>Header Files</Filter>
    </ClInclude>
    <ClInclude Include="memoryFunctions.h">
      <Filter>Header Files</Filter>
    </ClInclude>
    <ClInclude Include="pi.h">
      <Filter>Header Files</Filter>
    </ClInclude>
    <ClInclude Include="rectCombiner.h">
      <Filter>Header Files</Filter>
    </ClInclude>
    <ClInclude Include="Stencil.h">
      <Filter>Header Files</Filter>
    </ClInclude>
    <ClInclude Include="Entity.h">
      <Filter>Header Files</Filter>
    </ClInclude>
    <ClInclude Include="BoundingRect.h">
      <Filter>Header Files</Filter>
    </ClInclude>
    <ClInclude Include="Throws.h">
      <Filter>Header Files</Filter>
    </ClInclude>
    <ClInclude Include="ThrowInfo.h">
      <Filter>Header Files</Filter>
    </ClInclude>
    <ClInclude Include="ComplicatedHurtbox.h">
      <Filter>Header Files</Filter>
    </ClInclude>
    <ClInclude Include="colors.h">
      <Filter>Header Files</Filter>
    </ClInclude>
    <ClInclude Include="gameModes.h">
      <Filter>Header Files</Filter>
    </ClInclude>
    <ClInclude Include="WinError.h">
      <Filter>Header Files</Filter>
    </ClInclude>
    <ClInclude Include="GifMode.h">
      <Filter>Header Files</Filter>
    </ClInclude>
    <ClInclude Include="Settings.h">
      <Filter>Header Files</Filter>
    </ClInclude>
    <ClInclude Include="Keyboard.h">
      <Filter>Header Files</Filter>
    </ClInclude>
    <ClInclude Include="Hud.h">
      <Filter>Header Files</Filter>
    </ClInclude>
    <ClInclude Include="PngRelated.h">
      <Filter>Header Files</Filter>
    </ClInclude>
    <ClInclude Include="..\imgui\imstb_truetype.h">
      <Filter>imgui</Filter>
    </ClInclude>
    <ClInclude Include="..\imgui\imconfig.h">
      <Filter>imgui</Filter>
    </ClInclude>
    <ClInclude Include="..\imgui\imgui.h">
      <Filter>imgui</Filter>
    </ClInclude>
    <ClInclude Include="..\imgui\imgui_internal.h">
      <Filter>imgui</Filter>
    </ClInclude>
    <ClInclude Include="..\imgui\imstb_rectpack.h">
      <Filter>imgui</Filter>
    </ClInclude>
    <ClInclude Include="..\imgui\imstb_textedit.h">
      <Filter>imgui</Filter>
    </ClInclude>
    <ClInclude Include="..\imgui\backends\imgui_impl_dx9.h">
      <Filter>imgui\backends</Filter>
    </ClInclude>
    <ClInclude Include="..\imgui\backends\imgui_impl_win32.h">
      <Filter>imgui\backends</Filter>
    </ClInclude>
    <ClInclude Include="DrawTextWithIconsParams.h">
      <Filter>Header Files</Filter>
    </ClInclude>
    <ClInclude Include="UI.h">
      <Filter>Header Files</Filter>
    </ClInclude>
    <ClInclude Include="CustomWindowMessages.h">
      <Filter>Header Files</Filter>
    </ClInclude>
    <ClInclude Include="Version.h">
      <Filter>Header Files</Filter>
    </ClInclude>
    <ClInclude Include="resource.h">
      <Filter>Header Files</Filter>
    </ClInclude>
    <ClInclude Include="PlayerInfo.h">
      <Filter>Header Files</Filter>
    </ClInclude>
    <ClInclude Include="DrawData.h">
      <Filter>Header Files</Filter>
    </ClInclude>
    <ClInclude Include="Moves.h">
      <Filter>Header Files</Filter>
    </ClInclude>
    <ClInclude Include="PngResource.h">
      <Filter>Header Files</Filter>
    </ClInclude>
    <ClInclude Include="TexturePacker.h">
      <Filter>Header Files</Filter>
    </ClInclude>
    <ClInclude Include="findMoveByName.h">
      <Filter>Header Files</Filter>
    </ClInclude>
    <ClInclude Include="Hardcode.h">
      <Filter>Header Files</Filter>
    </ClInclude>
    <ClInclude Include="StringWithLength.h">
      <Filter>Header Files</Filter>
    </ClInclude>
    <ClInclude Include="InputRingBuffer.h">
      <Filter>Header Files</Filter>
    </ClInclude>
    <ClInclude Include="InputRingBufferStored.h">
      <Filter>Header Files</Filter>
    </ClInclude>
    <ClInclude Include="InputsDrawing.h">
      <Filter>Header Files</Filter>
    </ClInclude>
    <ClInclude Include="InputsDrawingCommand.h">
      <Filter>Header Files</Filter>
    </ClInclude>
    <ClInclude Include="Input.h">
      <Filter>Header Files</Filter>
    </ClInclude>
    <ClInclude Include="InputsIcon.h">
      <Filter>Header Files</Filter>
    </ClInclude>
    <ClInclude Include="CharInfo.h">
      <Filter>Header Files</Filter>
    </ClInclude>
  </ItemGroup>
  <ItemGroup>
    <ClCompile Include="pch.cpp">
      <Filter>Windows</Filter>
    </ClCompile>
    <ClCompile Include="AltModes.cpp">
      <Filter>Source Files</Filter>
    </ClCompile>
    <ClCompile Include="Camera.cpp">
      <Filter>Source Files</Filter>
    </ClCompile>
    <ClCompile Include="collectHitboxes.cpp">
      <Filter>Source Files</Filter>
    </ClCompile>
    <ClCompile Include="Detouring.cpp">
      <Filter>Source Files</Filter>
    </ClCompile>
    <ClCompile Include="Direct3DVTable.cpp">
      <Filter>Source Files</Filter>
    </ClCompile>
    <ClCompile Include="DrawHitboxArrayCallParams.cpp">
      <Filter>Source Files</Filter>
    </ClCompile>
    <ClCompile Include="DrawOutlineCallParams.cpp">
      <Filter>Source Files</Filter>
    </ClCompile>
    <ClCompile Include="EndScene.cpp">
      <Filter>Source Files</Filter>
    </ClCompile>
    <ClCompile Include="EntityList.cpp">
      <Filter>Source Files</Filter>
    </ClCompile>
    <ClCompile Include="Game.cpp">
      <Filter>Source Files</Filter>
    </ClCompile>
    <ClCompile Include="Graphics.cpp">
      <Filter>Source Files</Filter>
    </ClCompile>
    <ClCompile Include="HitDetector.cpp">
      <Filter>Source Files</Filter>
    </ClCompile>
    <ClCompile Include="InvisChipp.cpp">
      <Filter>Source Files</Filter>
    </ClCompile>
    <ClCompile Include="logging.cpp">
      <Filter>Source Files</Filter>
    </ClCompile>
    <ClCompile Include="memoryFunctions.cpp">
      <Filter>Source Files</Filter>
    </ClCompile>
    <ClCompile Include="rectCombiner.cpp">
      <Filter>Source Files</Filter>
    </ClCompile>
    <ClCompile Include="Stencil.cpp">
      <Filter>Source Files</Filter>
    </ClCompile>
    <ClCompile Include="Entity.cpp">
      <Filter>Source Files</Filter>
    </ClCompile>
    <ClCompile Include="dllmain.cpp" />
    <ClCompile Include="BoundingRect.cpp">
      <Filter>Source Files</Filter>
    </ClCompile>
    <ClCompile Include="Hitbox.cpp">
      <Filter>Source Files</Filter>
    </ClCompile>
    <ClCompile Include="Throws.cpp">
      <Filter>Source Files</Filter>
    </ClCompile>
    <ClCompile Include="WinError.cpp">
      <Filter>Source Files</Filter>
    </ClCompile>
    <ClCompile Include="GifMode.cpp">
      <Filter>Source Files</Filter>
    </ClCompile>
    <ClCompile Include="Settings.cpp">
      <Filter>Source Files</Filter>
    </ClCompile>
    <ClCompile Include="Keyboard.cpp">
      <Filter>Source Files</Filter>
    </ClCompile>
    <ClCompile Include="Hud.cpp">
      <Filter>Source Files</Filter>
    </ClCompile>
    <ClCompile Include="PngRelated.cpp">
      <Filter>Source Files</Filter>
    </ClCompile>
    <ClCompile Include="..\imgui\imgui_widgets.cpp">
      <Filter>imgui</Filter>
    </ClCompile>
    <ClCompile Include="..\imgui\imgui.cpp">
      <Filter>imgui</Filter>
    </ClCompile>
    <ClCompile Include="..\imgui\imgui_demo.cpp">
      <Filter>imgui</Filter>
    </ClCompile>
    <ClCompile Include="..\imgui\imgui_draw.cpp">
      <Filter>imgui</Filter>
    </ClCompile>
    <ClCompile Include="..\imgui\imgui_tables.cpp">
      <Filter>imgui</Filter>
    </ClCompile>
    <ClCompile Include="..\imgui\backends\imgui_impl_dx9.cpp">
      <Filter>imgui\backends</Filter>
    </ClCompile>
    <ClCompile Include="..\imgui\backends\imgui_impl_win32.cpp">
      <Filter>imgui\backends</Filter>
    </ClCompile>
    <ClCompile Include="UI.cpp">
      <Filter>Source Files</Filter>
    </ClCompile>
    <ClCompile Include="PlayerInfo.cpp">
      <Filter>Source Files</Filter>
    </ClCompile>
    <ClCompile Include="DrawTextWithIconsParams.cpp">
      <Filter>Source Files</Filter>
    </ClCompile>
    <ClCompile Include="Moves.cpp">
      <Filter>Source Files</Filter>
    </ClCompile>
    <ClCompile Include="PngResource.cpp">
      <Filter>Source Files</Filter>
    </ClCompile>
    <ClCompile Include="TexturePacker.cpp">
      <Filter>Source Files</Filter>
    </ClCompile>
    <ClCompile Include="InputRingBuffer.cpp">
      <Filter>Source Files</Filter>
    </ClCompile>
    <ClCompile Include="InputRingBufferStored.cpp">
      <Filter>Source Files</Filter>
    </ClCompile>
    <ClCompile Include="InputsDrawing.cpp">
      <Filter>Source Files</Filter>
    </ClCompile>
    <ClCompile Include="InputsIcon.cpp">
      <Filter>Source Files</Filter>
    </ClCompile>
  </ItemGroup>
  <ItemGroup>
    <None Include="README.md" />
  </ItemGroup>
  <ItemGroup>
    <CopyFileToFolders Include="..\ggxrd_hitbox_overlay.ini" />
  </ItemGroup>
  <ItemGroup>
    <ResourceCompile Include="ggxrd_hitbox_overlay.rc">
      <Filter>Resource Files</Filter>
    </ResourceCompile>
  </ItemGroup>
  <ItemGroup>
    <MASM Include="drawQuadExecHook.asm" />
  </ItemGroup>
  <ItemGroup>
    <Text Include="How to debug Xrd without it relaunching itself.txt" />
  </ItemGroup>
  <ItemGroup>
    <Image Include="..\images\ActiveFrame.png">
      <Filter>Resource Files</Filter>
    </Image>
    <Image Include="..\images\Digit0.png">
      <Filter>Resource Files</Filter>
    </Image>
    <Image Include="..\images\Digit1.png">
      <Filter>Resource Files</Filter>
    </Image>
    <Image Include="..\images\Digit2.png">
      <Filter>Resource Files</Filter>
    </Image>
    <Image Include="..\images\Digit3.png">
      <Filter>Resource Files</Filter>
    </Image>
    <Image Include="..\images\Digit4.png">
      <Filter>Resource Files</Filter>
    </Image>
    <Image Include="..\images\Digit5.png">
      <Filter>Resource Files</Filter>
    </Image>
    <Image Include="..\images\Digit6.png">
      <Filter>Resource Files</Filter>
    </Image>
    <Image Include="..\images\Digit7.png">
      <Filter>Resource Files</Filter>
    </Image>
    <Image Include="..\images\Digit8.png">
      <Filter>Resource Files</Filter>
    </Image>
    <Image Include="..\images\Digit9.png">
      <Filter>Resource Files</Filter>
    </Image>
    <Image Include="..\images\FirstFrame.png">
      <Filter>Resource Files</Filter>
    </Image>
    <Image Include="..\images\LandingRecoveryFrame.png">
      <Filter>Resource Files</Filter>
    </Image>
    <Image Include="..\images\NonActiveFrame.png">
      <Filter>Resource Files</Filter>
    </Image>
    <Image Include="..\images\ProjectileFrame.png">
      <Filter>Resource Files</Filter>
    </Image>
    <Image Include="..\images\RecoveryFrame.png">
      <Filter>Resource Files</Filter>
    </Image>
    <Image Include="..\images\StartupFrame.png">
      <Filter>Resource Files</Filter>
    </Image>
    <Image Include="..\images\StrikeInvul.png">
      <Filter>Resource Files</Filter>
    </Image>
    <Image Include="..\images\SuperArmorActive.png">
      <Filter>Resource Files</Filter>
    </Image>
    <Image Include="..\images\ThrowInvul.png">
      <Filter>Resource Files</Filter>
    </Image>
    <Image Include="..\images\NoneFrame.png">
      <Filter>Resource Files</Filter>
    </Image>
    <Image Include="..\images\IdleFrame.png">
      <Filter>Resource Files</Filter>
    </Image>
    <Image Include="..\images\XStunFrame.png">
      <Filter>Resource Files</Filter>
    </Image>
    <Image Include="..\images\ActiveFrame_NonColorblind.png">
      <Filter>Resource Files</Filter>
    </Image>
    <Image Include="..\images\LandingRecoveryFrame_NonColorblind.png">
      <Filter>Resource Files</Filter>
    </Image>
    <Image Include="..\images\NonActiveFrame_NonColorblind.png">
      <Filter>Resource Files</Filter>
    </Image>
    <Image Include="..\images\ProjectileFrame_NonColorblind.png">
      <Filter>Resource Files</Filter>
    </Image>
    <Image Include="..\images\RecoveryFrame_NonColorblind.png">
      <Filter>Resource Files</Filter>
    </Image>
    <Image Include="..\images\StartupFrame_NonColorblind.png">
      <Filter>Resource Files</Filter>
    </Image>
    <Image Include="..\images\XStunFrame_NonColorblind.png">
      <Filter>Resource Files</Filter>
    </Image>
    <Image Include="..\images\SuperArmorActive_NonColorblind.png">
      <Filter>Resource Files</Filter>
    </Image>
    <Image Include="..\images\IdleFrame_CantBlock.png">
      <Filter>Resource Files</Filter>
    </Image>
    <Image Include="..\images\IdleFrame_CantFD.png">
      <Filter>Resource Files</Filter>
    </Image>
    <Image Include="..\images\StartupFrame_CanBlock.png">
      <Filter>Resource Files</Filter>
    </Image>
    <Image Include="..\images\StartupFrame_CanBlock_NonColorblind.png">
      <Filter>Resource Files</Filter>
    </Image>
    <Image Include="..\images\IdleFrame_CantBlock_NonColorblind.png">
      <Filter>Resource Files</Filter>
    </Image>
    <Image Include="..\images\IdleFrame_CantFD_NonColorblind.png">
      <Filter>Resource Files</Filter>
    </Image>
    <Image Include="..\images\IdleFrame_ElpheltRifle.png">
      <Filter>Resource Files</Filter>
    </Image>
    <Image Include="..\images\IdleFrame_ElpheltRifle_NonColorblind.png">
      <Filter>Resource Files</Filter>
    </Image>
    <Image Include="..\images\RecoveryFrame_CanAct.png">
      <Filter>Resource Files</Filter>
    </Image>
    <Image Include="..\images\RecoveryFrame_CanAct_NonColorblind.png">
      <Filter>Resource Files</Filter>
    </Image>
    <Image Include="..\images\RecoveryFrame_HasGatlings.png">
      <Filter>Resource Files</Filter>
    </Image>
    <Image Include="..\images\RecoveryFrame_HasGatlings_NonColorblind.png">
      <Filter>Resource Files</Filter>
    </Image>
    <Image Include="..\images\SuperArmorActive_Full.png">
      <Filter>Resource Files</Filter>
    </Image>
    <Image Include="..\images\SuperArmorActive_Full_NonColorblind.png">
      <Filter>Resource Files</Filter>
    </Image>
    <Image Include="..\images\IdleFrame_ElpheltRifle_CanStopHolding.png">
      <Filter>Resource Files</Filter>
    </Image>
    <Image Include="..\images\IdleFrame_ElpheltRifle_CanStopHolding_NonColorblind.png">
      <Filter>Resource Files</Filter>
    </Image>
    <Image Include="..\images\ActiveFrame_NewHit.png">
      <Filter>Resource Files</Filter>
    </Image>
    <Image Include="..\images\ActiveFrame_NewHit_NonColorblind.png">
      <Filter>Resource Files</Filter>
    </Image>
    <Image Include="..\images\ActiveFrame_Hitstop.png">
      <Filter>Resource Files</Filter>
    </Image>
    <Image Include="..\images\ActiveFrame_Hitstop_NonColorblind.png">
      <Filter>Resource Files</Filter>
    </Image>
    <Image Include="..\images\LandingRecoveryFrame_CanCancel.png">
      <Filter>Resource Files</Filter>
    </Image>
    <Image Include="..\images\LandingRecoveryFrame_CanCancel_NonColorblind.png">
      <Filter>Resource Files</Filter>
    </Image>
    <Image Include="..\images\Zato_BreakTheLaw_Stage2.png">
      <Filter>Resource Files</Filter>
    </Image>
    <Image Include="..\images\Zato_BreakTheLaw_Stage2_NonColorblind.png">
      <Filter>Resource Files</Filter>
    </Image>
    <Image Include="..\images\Zato_BreakTheLaw_Stage3.png">
      <Filter>Resource Files</Filter>
    </Image>
    <Image Include="..\images\Zato_BreakTheLaw_Stage3_NonColorblind.png">
      <Filter>Resource Files</Filter>
    </Image>
    <Image Include="..\images\Zato_BreakTheLaw_Stage2_Released.png">
      <Filter>Resource Files</Filter>
    </Image>
    <Image Include="..\images\Zato_BreakTheLaw_Stage2_Released_NonColorblind.png">
      <Filter>Resource Files</Filter>
    </Image>
    <Image Include="..\images\Zato_BreakTheLaw_Stage3_Released.png">
      <Filter>Resource Files</Filter>
    </Image>
    <Image Include="..\images\Zato_BreakTheLaw_Stage3_Released_NonColorblind.png">
      <Filter>Resource Files</Filter>
    </Image>
    <Image Include="..\images\GraybeatAirHitstun_NonColorblind.png">
      <Filter>Resource Files</Filter>
    </Image>
    <Image Include="..\images\GraybeatAirHitstunFrame.png">
      <Filter>Resource Files</Filter>
    </Image>
    <Image Include="..\images\XStunFrame_Hitstop.png">
      <Filter>Resource Files</Filter>
    </Image>
    <Image Include="..\images\XStunFrame_Hitstop_NonColorblind.png">
      <Filter>Resource Files</Filter>
    </Image>
    <Image Include="..\images\NonActiveFrame_CanCancel.png">
      <Filter>Resource Files</Filter>
    </Image>
    <Image Include="..\images\NonActiveFrame_CanCancel_NonColorblind.png">
      <Filter>Resource Files</Filter>
    </Image>
    <Image Include="..\images\XStunFrame_CanCancel.png">
      <Filter>Resource Files</Filter>
    </Image>
    <Image Include="..\images\XStunFrame_CanCancel_NonColorblind.png">
      <Filter>Resource Files</Filter>
    </Image>
    <Image Include="..\images\HitConnectedFrame.png">
      <Filter>Resource Files</Filter>
    </Image>
    <Image Include="..\images\HitConnectedFrameBlack.png">
      <Filter>Resource Files</Filter>
    </Image>
    <Image Include="..\images\Powerup.png">
      <Filter>Resource Files</Filter>
    </Image>
    <Image Include="..\images\EddieIdleFrame.png">
      <Filter>Resource Files</Filter>
    </Image>
    <Image Include="..\images\EddieIdleFrame_NonColorblind.png">
      <Filter>Resource Files</Filter>
    </Image>
    <Image Include="..\images\OTG.png">
      <Filter>Resource Files</Filter>
    </Image>
  </ItemGroup>
  <ItemGroup>
    <FxCompile Include="..\MyPixelShader.hlsl">
      <Filter>Resource Files</Filter>
    </FxCompile>
  </ItemGroup>
</Project>