<?xml version="1.0" encoding="utf-8"?>
<Project ToolsVersion="4.0" xmlns="http://schemas.microsoft.com/developer/msbuild/2003">
  <ItemGroup>
    <Filter Include="Resource Files">
      <UniqueIdentifier>{67DA6AB6-F800-4c08-8B7A-83BB121AAD01}</UniqueIdentifier>
      <Extensions>rc;ico;cur;bmp;dlg;rc2;rct;bin;rgs;gif;jpg;jpeg;jpe;resx;tiff;tif;png;wav;mfcribbon-ms</Extensions>
    </Filter>
    <Filter Include="Windows">
      <UniqueIdentifier>{c3961029-dd5c-4a87-8df8-fbd7f5bd03e6}</UniqueIdentifier>
    </Filter>
    <Filter Include="Header Files">
      <UniqueIdentifier>{29ca0773-e53e-4aa7-8ff1-529e59243022}</UniqueIdentifier>
      <Extensions>h</Extensions>
    </Filter>
    <Filter Include="Source Files">
      <UniqueIdentifier>{09bd2667-a5a9-4a25-949a-fb0aa4343b19}</UniqueIdentifier>
      <Extensions>c;cpp;</Extensions>
    </Filter>
    <Filter Include="imgui">
      <UniqueIdentifier>{f87b6029-841c-4bf1-9b8a-5fd09243fb5c}</UniqueIdentifier>
    </Filter>
    <Filter Include="imgui\backends">
      <UniqueIdentifier>{88bc5120-9e9f-4b41-94d2-964066300f92}</UniqueIdentifier>
    </Filter>
    <Filter Include="steam_api">
      <UniqueIdentifier>{95d0e7f3-2902-4dea-985a-82ce051bd4d3}</UniqueIdentifier>
    </Filter>
  </ItemGroup>
  <ItemGroup>
    <ClInclude Include="pch.h">
      <Filter>Windows</Filter>
    </ClInclude>
    <ClInclude Include="framework.h">
      <Filter>Windows</Filter>
    </ClInclude>
    <ClInclude Include="AltModes.h">
      <Filter>Header Files</Filter>
    </ClInclude>
    <ClInclude Include="Camera.h">
      <Filter>Header Files</Filter>
    </ClInclude>
    <ClInclude Include="characterTypes.h">
      <Filter>Header Files</Filter>
    </ClInclude>
    <ClInclude Include="collectHitboxes.h">
      <Filter>Header Files</Filter>
    </ClInclude>
    <ClInclude Include="Detouring.h">
      <Filter>Header Files</Filter>
    </ClInclude>
    <ClInclude Include="Direct3DVTable.h">
      <Filter>Header Files</Filter>
    </ClInclude>
    <ClInclude Include="DrawBoxCallParams.h">
      <Filter>Header Files</Filter>
    </ClInclude>
    <ClInclude Include="DrawHitboxArrayCallParams.h">
      <Filter>Header Files</Filter>
    </ClInclude>
    <ClInclude Include="DrawHitboxArrayParams.h">
      <Filter>Header Files</Filter>
    </ClInclude>
    <ClInclude Include="DrawOutlineCallParams.h">
      <Filter>Header Files</Filter>
    </ClInclude>
    <ClInclude Include="DrawPointCallParams.h">
      <Filter>Header Files</Filter>
    </ClInclude>
    <ClInclude Include="EndScene.h">
      <Filter>Header Files</Filter>
    </ClInclude>
    <ClInclude Include="EntityList.h">
      <Filter>Header Files</Filter>
    </ClInclude>
    <ClInclude Include="Game.h">
      <Filter>Header Files</Filter>
    </ClInclude>
    <ClInclude Include="Graphics.h">
      <Filter>Header Files</Filter>
    </ClInclude>
    <ClInclude Include="Hitbox.h">
      <Filter>Header Files</Filter>
    </ClInclude>
    <ClInclude Include="HitDetector.h">
      <Filter>Header Files</Filter>
    </ClInclude>
    <ClInclude Include="InvisChipp.h">
      <Filter>Header Files</Filter>
    </ClInclude>
    <ClInclude Include="logging.h">
      <Filter>Header Files</Filter>
    </ClInclude>
    <ClInclude Include="memoryFunctions.h">
      <Filter>Header Files</Filter>
    </ClInclude>
    <ClInclude Include="pi.h">
      <Filter>Header Files</Filter>
    </ClInclude>
    <ClInclude Include="rectCombiner.h">
      <Filter>Header Files</Filter>
    </ClInclude>
    <ClInclude Include="Stencil.h">
      <Filter>Header Files</Filter>
    </ClInclude>
    <ClInclude Include="Entity.h">
      <Filter>Header Files</Filter>
    </ClInclude>
    <ClInclude Include="BoundingRect.h">
      <Filter>Header Files</Filter>
    </ClInclude>
    <ClInclude Include="Throws.h">
      <Filter>Header Files</Filter>
    </ClInclude>
    <ClInclude Include="ThrowInfo.h">
      <Filter>Header Files</Filter>
    </ClInclude>
    <ClInclude Include="ComplicatedHurtbox.h">
      <Filter>Header Files</Filter>
    </ClInclude>
    <ClInclude Include="colors.h">
      <Filter>Header Files</Filter>
    </ClInclude>
    <ClInclude Include="gameModes.h">
      <Filter>Header Files</Filter>
    </ClInclude>
    <ClInclude Include="WinError.h">
      <Filter>Header Files</Filter>
    </ClInclude>
    <ClInclude Include="GifMode.h">
      <Filter>Header Files</Filter>
    </ClInclude>
    <ClInclude Include="Settings.h">
      <Filter>Header Files</Filter>
    </ClInclude>
    <ClInclude Include="Keyboard.h">
      <Filter>Header Files</Filter>
    </ClInclude>
    <ClInclude Include="Hud.h">
      <Filter>Header Files</Filter>
    </ClInclude>
    <ClInclude Include="PngRelated.h">
      <Filter>Header Files</Filter>
    </ClInclude>
    <ClInclude Include="..\imgui\imstb_truetype.h">
      <Filter>imgui</Filter>
    </ClInclude>
    <ClInclude Include="..\imgui\imconfig.h">
      <Filter>imgui</Filter>
    </ClInclude>
    <ClInclude Include="..\imgui\imgui.h">
      <Filter>imgui</Filter>
    </ClInclude>
    <ClInclude Include="..\imgui\imgui_internal.h">
      <Filter>imgui</Filter>
    </ClInclude>
    <ClInclude Include="..\imgui\imstb_rectpack.h">
      <Filter>imgui</Filter>
    </ClInclude>
    <ClInclude Include="..\imgui\imstb_textedit.h">
      <Filter>imgui</Filter>
    </ClInclude>
    <ClInclude Include="..\imgui\backends\imgui_impl_dx9.h">
      <Filter>imgui\backends</Filter>
    </ClInclude>
    <ClInclude Include="..\imgui\backends\imgui_impl_win32.h">
      <Filter>imgui\backends</Filter>
    </ClInclude>
    <ClInclude Include="DrawTextWithIconsParams.h">
      <Filter>Header Files</Filter>
    </ClInclude>
    <ClInclude Include="UI.h">
      <Filter>Header Files</Filter>
    </ClInclude>
    <ClInclude Include="RecursiveLock.h">
      <Filter>Header Files</Filter>
    </ClInclude>
    <ClInclude Include="CustomWindowMessages.h">
      <Filter>Header Files</Filter>
    </ClInclude>
    <ClInclude Include="..\steam_api\public\steam\isteamapplist.h">
      <Filter>steam_api</Filter>
    </ClInclude>
    <ClInclude Include="..\steam_api\public\steam\isteamapps.h">
      <Filter>steam_api</Filter>
    </ClInclude>
    <ClInclude Include="..\steam_api\public\steam\isteamappticket.h">
      <Filter>steam_api</Filter>
    </ClInclude>
    <ClInclude Include="..\steam_api\public\steam\isteamclient.h">
      <Filter>steam_api</Filter>
    </ClInclude>
    <ClInclude Include="..\steam_api\public\steam\isteamcontroller.h">
      <Filter>steam_api</Filter>
    </ClInclude>
    <ClInclude Include="..\steam_api\public\steam\isteamfriends.h">
      <Filter>steam_api</Filter>
    </ClInclude>
    <ClInclude Include="..\steam_api\public\steam\isteamgamecoordinator.h">
      <Filter>steam_api</Filter>
    </ClInclude>
    <ClInclude Include="..\steam_api\public\steam\isteamgameserver.h">
      <Filter>steam_api</Filter>
    </ClInclude>
    <ClInclude Include="..\steam_api\public\steam\isteamgameserverstats.h">
      <Filter>steam_api</Filter>
    </ClInclude>
    <ClInclude Include="..\steam_api\public\steam\isteamhtmlsurface.h">
      <Filter>steam_api</Filter>
    </ClInclude>
    <ClInclude Include="..\steam_api\public\steam\isteamhttp.h">
      <Filter>steam_api</Filter>
    </ClInclude>
    <ClInclude Include="..\steam_api\public\steam\isteaminventory.h">
      <Filter>steam_api</Filter>
    </ClInclude>
    <ClInclude Include="..\steam_api\public\steam\isteammasterserverupdater.h">
      <Filter>steam_api</Filter>
    </ClInclude>
    <ClInclude Include="..\steam_api\public\steam\isteammatchmaking.h">
      <Filter>steam_api</Filter>
    </ClInclude>
    <ClInclude Include="..\steam_api\public\steam\isteammusic.h">
      <Filter>steam_api</Filter>
    </ClInclude>
    <ClInclude Include="..\steam_api\public\steam\isteammusicremote.h">
      <Filter>steam_api</Filter>
    </ClInclude>
    <ClInclude Include="..\steam_api\public\steam\isteamnetworking.h">
      <Filter>steam_api</Filter>
    </ClInclude>
    <ClInclude Include="..\steam_api\public\steam\isteamps3overlayrenderer.h">
      <Filter>steam_api</Filter>
    </ClInclude>
    <ClInclude Include="..\steam_api\public\steam\isteamremotestorage.h">
      <Filter>steam_api</Filter>
    </ClInclude>
    <ClInclude Include="..\steam_api\public\steam\isteamscreenshots.h">
      <Filter>steam_api</Filter>
    </ClInclude>
    <ClInclude Include="..\steam_api\public\steam\isteamugc.h">
      <Filter>steam_api</Filter>
    </ClInclude>
    <ClInclude Include="..\steam_api\public\steam\isteamunifiedmessages.h">
      <Filter>steam_api</Filter>
    </ClInclude>
    <ClInclude Include="..\steam_api\public\steam\isteamuser.h">
      <Filter>steam_api</Filter>
    </ClInclude>
    <ClInclude Include="..\steam_api\public\steam\isteamuserstats.h">
      <Filter>steam_api</Filter>
    </ClInclude>
    <ClInclude Include="..\steam_api\public\steam\isteamutils.h">
      <Filter>steam_api</Filter>
    </ClInclude>
    <ClInclude Include="..\steam_api\public\steam\isteamvideo.h">
      <Filter>steam_api</Filter>
    </ClInclude>
    <ClInclude Include="..\steam_api\public\steam\matchmakingtypes.h">
      <Filter>steam_api</Filter>
    </ClInclude>
    <ClInclude Include="..\steam_api\public\steam\steam_api.h">
      <Filter>steam_api</Filter>
    </ClInclude>
    <ClInclude Include="..\steam_api\public\steam\steam_api_flat.h">
      <Filter>steam_api</Filter>
    </ClInclude>
    <ClInclude Include="..\steam_api\public\steam\steam_api_internal.h">
      <Filter>steam_api</Filter>
    </ClInclude>
    <ClInclude Include="..\steam_api\public\steam\steam_gameserver.h">
      <Filter>steam_api</Filter>
    </ClInclude>
    <ClInclude Include="..\steam_api\public\steam\steamclientpublic.h">
      <Filter>steam_api</Filter>
    </ClInclude>
    <ClInclude Include="..\steam_api\public\steam\steamencryptedappticket.h">
      <Filter>steam_api</Filter>
    </ClInclude>
    <ClInclude Include="..\steam_api\public\steam\steamhttpenums.h">
      <Filter>steam_api</Filter>
    </ClInclude>
    <ClInclude Include="..\steam_api\public\steam\steamps3params.h">
      <Filter>steam_api</Filter>
    </ClInclude>
    <ClInclude Include="..\steam_api\public\steam\steamtypes.h">
      <Filter>steam_api</Filter>
    </ClInclude>
    <ClInclude Include="..\steam_api\public\steam\steamuniverse.h">
      <Filter>steam_api</Filter>
    </ClInclude>
    <ClInclude Include="Version.h">
      <Filter>Header Files</Filter>
    </ClInclude>
    <ClInclude Include="resource.h">
      <Filter>Header Files</Filter>
    </ClInclude>
    <ClInclude Include="PngResource.h">
      <Filter>Header Files</Filter>
    </ClInclude>
  </ItemGroup>
  <ItemGroup>
    <ClCompile Include="pch.cpp">
      <Filter>Windows</Filter>
    </ClCompile>
    <ClCompile Include="AltModes.cpp">
      <Filter>Source Files</Filter>
    </ClCompile>
    <ClCompile Include="Camera.cpp">
      <Filter>Source Files</Filter>
    </ClCompile>
    <ClCompile Include="collectHitboxes.cpp">
      <Filter>Source Files</Filter>
    </ClCompile>
    <ClCompile Include="Detouring.cpp">
      <Filter>Source Files</Filter>
    </ClCompile>
    <ClCompile Include="Direct3DVTable.cpp">
      <Filter>Source Files</Filter>
    </ClCompile>
    <ClCompile Include="DrawHitboxArrayCallParams.cpp">
      <Filter>Source Files</Filter>
    </ClCompile>
    <ClCompile Include="DrawOutlineCallParams.cpp">
      <Filter>Source Files</Filter>
    </ClCompile>
    <ClCompile Include="EndScene.cpp">
      <Filter>Source Files</Filter>
    </ClCompile>
    <ClCompile Include="EntityList.cpp">
      <Filter>Source Files</Filter>
    </ClCompile>
    <ClCompile Include="Game.cpp">
      <Filter>Source Files</Filter>
    </ClCompile>
    <ClCompile Include="Graphics.cpp">
      <Filter>Source Files</Filter>
    </ClCompile>
    <ClCompile Include="HitDetector.cpp">
      <Filter>Source Files</Filter>
    </ClCompile>
    <ClCompile Include="InvisChipp.cpp">
      <Filter>Source Files</Filter>
    </ClCompile>
    <ClCompile Include="logging.cpp">
      <Filter>Source Files</Filter>
    </ClCompile>
    <ClCompile Include="memoryFunctions.cpp">
      <Filter>Source Files</Filter>
    </ClCompile>
    <ClCompile Include="rectCombiner.cpp">
      <Filter>Source Files</Filter>
    </ClCompile>
    <ClCompile Include="Stencil.cpp">
      <Filter>Source Files</Filter>
    </ClCompile>
    <ClCompile Include="Entity.cpp">
      <Filter>Source Files</Filter>
    </ClCompile>
    <ClCompile Include="dllmain.cpp" />
    <ClCompile Include="BoundingRect.cpp">
      <Filter>Source Files</Filter>
    </ClCompile>
    <ClCompile Include="Hitbox.cpp">
      <Filter>Source Files</Filter>
    </ClCompile>
    <ClCompile Include="Throws.cpp">
      <Filter>Source Files</Filter>
    </ClCompile>
    <ClCompile Include="WinError.cpp">
      <Filter>Source Files</Filter>
    </ClCompile>
    <ClCompile Include="GifMode.cpp">
      <Filter>Source Files</Filter>
    </ClCompile>
    <ClCompile Include="Settings.cpp">
      <Filter>Source Files</Filter>
    </ClCompile>
    <ClCompile Include="Keyboard.cpp">
      <Filter>Source Files</Filter>
    </ClCompile>
    <ClCompile Include="Hud.cpp">
      <Filter>Source Files</Filter>
    </ClCompile>
    <ClCompile Include="PngRelated.cpp">
      <Filter>Source Files</Filter>
    </ClCompile>
    <ClCompile Include="..\imgui\imgui_widgets.cpp">
      <Filter>imgui</Filter>
    </ClCompile>
    <ClCompile Include="..\imgui\imgui.cpp">
      <Filter>imgui</Filter>
    </ClCompile>
    <ClCompile Include="..\imgui\imgui_demo.cpp">
      <Filter>imgui</Filter>
    </ClCompile>
    <ClCompile Include="..\imgui\imgui_draw.cpp">
      <Filter>imgui</Filter>
    </ClCompile>
    <ClCompile Include="..\imgui\imgui_tables.cpp">
      <Filter>imgui</Filter>
    </ClCompile>
    <ClCompile Include="..\imgui\backends\imgui_impl_dx9.cpp">
      <Filter>imgui\backends</Filter>
    </ClCompile>
    <ClCompile Include="..\imgui\backends\imgui_impl_win32.cpp">
      <Filter>imgui\backends</Filter>
    </ClCompile>
    <ClCompile Include="UI.cpp">
      <Filter>Source Files</Filter>
    </ClCompile>
    <ClCompile Include="RecursiveLock.cpp">
      <Filter>Source Files</Filter>
    </ClCompile>
    <ClCompile Include="PngResource.cpp">
      <Filter>Source Files</Filter>
    </ClCompile>
  </ItemGroup>
  <ItemGroup>
    <None Include="README.md" />
  </ItemGroup>
  <ItemGroup>
    <CopyFileToFolders Include="..\ggxrd_hitbox_overlay.ini" />
  </ItemGroup>
  <ItemGroup>
    <ResourceCompile Include="ggxrd_hitbox_overlay.rc">
      <Filter>Resource Files</Filter>
    </ResourceCompile>
  </ItemGroup>
  <ItemGroup>
    <Image Include="..\images\Question.png">
      <Filter>Resource Files</Filter>
    </Image>
  </ItemGroup>
</Project>