<?xml version="1.0" encoding="utf-8"?>
<Project ToolsVersion="4.0" xmlns="http://schemas.microsoft.com/developer/msbuild/2003">
  <ItemGroup>
    <Filter Include="Resource Files">
      <UniqueIdentifier>{67DA6AB6-F800-4c08-8B7A-83BB121AAD01}</UniqueIdentifier>
      <Extensions>rc;ico;cur;bmp;dlg;rc2;rct;bin;rgs;gif;jpg;jpeg;jpe;resx;tiff;tif;png;wav;mfcribbon-ms</Extensions>
    </Filter>
    <Filter Include="Windows">
      <UniqueIdentifier>{c3961029-dd5c-4a87-8df8-fbd7f5bd03e6}</UniqueIdentifier>
    </Filter>
    <Filter Include="Header Files">
      <UniqueIdentifier>{29ca0773-e53e-4aa7-8ff1-529e59243022}</UniqueIdentifier>
      <Extensions>h</Extensions>
    </Filter>
    <Filter Include="Source Files">
      <UniqueIdentifier>{09bd2667-a5a9-4a25-949a-fb0aa4343b19}</UniqueIdentifier>
      <Extensions>c;cpp;</Extensions>
    </Filter>
  </ItemGroup>
  <ItemGroup>
    <ClInclude Include="pch.h">
      <Filter>Windows</Filter>
    </ClInclude>
    <ClInclude Include="framework.h">
      <Filter>Windows</Filter>
    </ClInclude>
    <ClInclude Include="AltModes.h">
      <Filter>Header Files</Filter>
    </ClInclude>
    <ClInclude Include="Camera.h">
      <Filter>Header Files</Filter>
    </ClInclude>
    <ClInclude Include="characterTypes.h">
      <Filter>Header Files</Filter>
    </ClInclude>
    <ClInclude Include="collectHitboxes.h">
      <Filter>Header Files</Filter>
    </ClInclude>
    <ClInclude Include="Detouring.h">
      <Filter>Header Files</Filter>
    </ClInclude>
    <ClInclude Include="Direct3DVTable.h">
      <Filter>Header Files</Filter>
    </ClInclude>
    <ClInclude Include="DrawBoxCallParams.h">
      <Filter>Header Files</Filter>
    </ClInclude>
    <ClInclude Include="DrawHitboxArrayCallParams.h">
      <Filter>Header Files</Filter>
    </ClInclude>
    <ClInclude Include="DrawHitboxArrayParams.h">
      <Filter>Header Files</Filter>
    </ClInclude>
    <ClInclude Include="DrawOutlineCallParams.h">
      <Filter>Header Files</Filter>
    </ClInclude>
    <ClInclude Include="DrawPointCallParams.h">
      <Filter>Header Files</Filter>
    </ClInclude>
    <ClInclude Include="EndScene.h">
      <Filter>Header Files</Filter>
    </ClInclude>
    <ClInclude Include="EntityList.h">
      <Filter>Header Files</Filter>
    </ClInclude>
    <ClInclude Include="Game.h">
      <Filter>Header Files</Filter>
    </ClInclude>
    <ClInclude Include="Graphics.h">
      <Filter>Header Files</Filter>
    </ClInclude>
    <ClInclude Include="Hitbox.h">
      <Filter>Header Files</Filter>
    </ClInclude>
    <ClInclude Include="HitDetector.h">
      <Filter>Header Files</Filter>
    </ClInclude>
    <ClInclude Include="InvisChipp.h">
      <Filter>Header Files</Filter>
    </ClInclude>
    <ClInclude Include="logging.h">
      <Filter>Header Files</Filter>
    </ClInclude>
    <ClInclude Include="memoryFunctions.h">
      <Filter>Header Files</Filter>
    </ClInclude>
    <ClInclude Include="pi.h">
      <Filter>Header Files</Filter>
    </ClInclude>
    <ClInclude Include="rectCombiner.h">
      <Filter>Header Files</Filter>
    </ClInclude>
    <ClInclude Include="Stencil.h">
      <Filter>Header Files</Filter>
    </ClInclude>
    <ClInclude Include="Entity.h">
      <Filter>Header Files</Filter>
    </ClInclude>
    <ClInclude Include="BoundingRect.h">
      <Filter>Header Files</Filter>
    </ClInclude>
  </ItemGroup>
  <ItemGroup>
    <ClCompile Include="pch.cpp">
      <Filter>Windows</Filter>
    </ClCompile>
    <ClCompile Include="AltModes.cpp">
      <Filter>Source Files</Filter>
    </ClCompile>
    <ClCompile Include="Camera.cpp">
      <Filter>Source Files</Filter>
    </ClCompile>
    <ClCompile Include="collectHitboxes.cpp">
      <Filter>Source Files</Filter>
    </ClCompile>
    <ClCompile Include="Detouring.cpp">
      <Filter>Source Files</Filter>
    </ClCompile>
    <ClCompile Include="Direct3DVTable.cpp">
      <Filter>Source Files</Filter>
    </ClCompile>
    <ClCompile Include="DrawHitboxArrayCallParams.cpp">
      <Filter>Source Files</Filter>
    </ClCompile>
    <ClCompile Include="DrawOutlineCallParams.cpp">
      <Filter>Source Files</Filter>
    </ClCompile>
    <ClCompile Include="EndScene.cpp">
      <Filter>Source Files</Filter>
    </ClCompile>
    <ClCompile Include="EntityList.cpp">
      <Filter>Source Files</Filter>
    </ClCompile>
    <ClCompile Include="Game.cpp">
      <Filter>Source Files</Filter>
    </ClCompile>
    <ClCompile Include="Graphics.cpp">
      <Filter>Source Files</Filter>
    </ClCompile>
    <ClCompile Include="HitDetector.cpp">
      <Filter>Source Files</Filter>
    </ClCompile>
    <ClCompile Include="InvisChipp.cpp">
      <Filter>Source Files</Filter>
    </ClCompile>
    <ClCompile Include="logging.cpp">
      <Filter>Source Files</Filter>
    </ClCompile>
    <ClCompile Include="memoryFunctions.cpp">
      <Filter>Source Files</Filter>
    </ClCompile>
    <ClCompile Include="rectCombiner.cpp">
      <Filter>Source Files</Filter>
    </ClCompile>
    <ClCompile Include="Stencil.cpp">
      <Filter>Source Files</Filter>
    </ClCompile>
    <ClCompile Include="Entity.cpp">
      <Filter>Source Files</Filter>
    </ClCompile>
    <ClCompile Include="dllmain.cpp" />
    <ClCompile Include="BoundingRect.cpp">
      <Filter>Source Files</Filter>
    </ClCompile>
    <ClCompile Include="Hitbox.cpp">
      <Filter>Source Files</Filter>
    </ClCompile>
  </ItemGroup>
</Project>